// !$*UTF8*$!
{
	archiveVersion = 1;
	classes = {
	};
	objectVersion = 70;
	objects = {

/* Begin PBXBuildFile section */
		D10215E42CF90C140075631B /* DescriptionView.swift in Sources */ = {isa = PBXBuildFile; fileRef = D10215E32CF90C140075631B /* DescriptionView.swift */; };
		D10274882B4F0BD500DEBBAB /* CategoryRow.swift in Sources */ = {isa = PBXBuildFile; fileRef = D10274872B4F0BD500DEBBAB /* CategoryRow.swift */; };
		D10EEF2F2C3D78A300E200F3 /* SubgroupHomeView.swift in Sources */ = {isa = PBXBuildFile; fileRef = D10EEF2E2C3D78A300E200F3 /* SubgroupHomeView.swift */; };
		D10EEF4C2C3F1F2900E200F3 /* SubgroupItemView.swift in Sources */ = {isa = PBXBuildFile; fileRef = D10EEF4B2C3F1F2900E200F3 /* SubgroupItemView.swift */; };
		D10EEF4E2C3F21F700E200F3 /* SubgroupEventListView.swift in Sources */ = {isa = PBXBuildFile; fileRef = D10EEF4D2C3F21F700E200F3 /* SubgroupEventListView.swift */; };
		D11582502C8A286D00E96DB1 /* HistoryEditSheet.swift in Sources */ = {isa = PBXBuildFile; fileRef = D115824F2C8A286D00E96DB1 /* HistoryEditSheet.swift */; };
		D11CAA622CA5D49D00403E82 /* JustificationView.swift in Sources */ = {isa = PBXBuildFile; fileRef = D11CAA612CA5D49D00403E82 /* JustificationView.swift */; };
		D11CAA652CA5E32700403E82 /* PriceView.swift in Sources */ = {isa = PBXBuildFile; fileRef = D11CAA642CA5E32700403E82 /* PriceView.swift */; };
		D1387D6D2AFFB31600570446 /* WiiEventApp.swift in Sources */ = {isa = PBXBuildFile; fileRef = D1387D6C2AFFB31600570446 /* WiiEventApp.swift */; };
		D1387D6F2AFFB31600570446 /* ContentView.swift in Sources */ = {isa = PBXBuildFile; fileRef = D1387D6E2AFFB31600570446 /* ContentView.swift */; };
		D1387D712AFFB31800570446 /* Assets.xcassets in Resources */ = {isa = PBXBuildFile; fileRef = D1387D702AFFB31800570446 /* Assets.xcassets */; };
		D15D814E2B6970F8005E6D2B /* FiltersView.swift in Sources */ = {isa = PBXBuildFile; fileRef = D15D814D2B6970F8005E6D2B /* FiltersView.swift */; };
		D15D81522B69826A005E6D2B /* Extentions.swift in Sources */ = {isa = PBXBuildFile; fileRef = D15D81512B69826A005E6D2B /* Extentions.swift */; };
		D16B20B92B50621E00B96160 /* CategoryItem.swift in Sources */ = {isa = PBXBuildFile; fileRef = D16B20B82B50621E00B96160 /* CategoryItem.swift */; };
		D17EEF6D2C9205E100E6E51B /* HistoryAddSheet.swift in Sources */ = {isa = PBXBuildFile; fileRef = D17EEF6C2C9205D500E6E51B /* HistoryAddSheet.swift */; };
		D19132B62D0A09B700AFCCAD /* WiiKit.framework in Frameworks */ = {isa = PBXBuildFile; fileRef = D19132B52D0A09AF00AFCCAD /* WiiKit.framework */; };
		D19132B72D0A09B700AFCCAD /* WiiKit.framework in Embed Frameworks */ = {isa = PBXBuildFile; fileRef = D19132B52D0A09AF00AFCCAD /* WiiKit.framework */; settings = {ATTRIBUTES = (CodeSignOnCopy, RemoveHeadersOnCopy, ); }; };
		D19132B82D0A09C800AFCCAD /* WiiKit.framework in Frameworks */ = {isa = PBXBuildFile; fileRef = D19132B52D0A09AF00AFCCAD /* WiiKit.framework */; };
		D19132B92D0A09C800AFCCAD /* WiiKit.framework in Embed Frameworks */ = {isa = PBXBuildFile; fileRef = D19132B52D0A09AF00AFCCAD /* WiiKit.framework */; settings = {ATTRIBUTES = (CodeSignOnCopy, RemoveHeadersOnCopy, ); }; };
		D1A730702B383B49003A3A49 /* EventDetail.swift in Sources */ = {isa = PBXBuildFile; fileRef = D1A7306F2B383B49003A3A49 /* EventDetail.swift */; };
		D1C55A2B2C7E2F0800AB75EC /* PostgresClientKit in Frameworks */ = {isa = PBXBuildFile; productRef = D1C55A2A2C7E2F0800AB75EC /* PostgresClientKit */; };
		D1C55A2E2C7E301A00AB75EC /* MapView.swift in Sources */ = {isa = PBXBuildFile; fileRef = D1C55A2D2C7E301A00AB75EC /* MapView.swift */; };
		D1C8B3C72D0F606500DCC1B9 /* EventHome.swift in Sources */ = {isa = PBXBuildFile; fileRef = D1FCA2852B1CFA0900E2DB42 /* EventHome.swift */; };
		D1D575AE2B55A89C0035478E /* Profile.swift in Sources */ = {isa = PBXBuildFile; fileRef = D1D575AD2B55A89C0035478E /* Profile.swift */; };
		D1D575B12B55B18D0035478E /* ProfileHost.swift in Sources */ = {isa = PBXBuildFile; fileRef = D1D575B02B55B18D0035478E /* ProfileHost.swift */; };
		D1D575B32B55B2080035478E /* ProfileSummary.swift in Sources */ = {isa = PBXBuildFile; fileRef = D1D575B22B55B2080035478E /* ProfileSummary.swift */; };
		D1D575B52B55B7B90035478E /* EventBadge.swift in Sources */ = {isa = PBXBuildFile; fileRef = D1D575B42B55B7B90035478E /* EventBadge.swift */; };
		D1D575B72B56FEFE0035478E /* ProfileEditor.swift in Sources */ = {isa = PBXBuildFile; fileRef = D1D575B62B56FEFE0035478E /* ProfileEditor.swift */; };
		D1D6F1652B585EE8007758E1 /* PageViewController.swift in Sources */ = {isa = PBXBuildFile; fileRef = D1D6F1642B585EE7007758E1 /* PageViewController.swift */; };
		D1D6F1672B59A4FD007758E1 /* PlanCard.swift in Sources */ = {isa = PBXBuildFile; fileRef = D1D6F1662B59A4FD007758E1 /* PlanCard.swift */; };
		D1D6F1692B59A8C9007758E1 /* PageView.swift in Sources */ = {isa = PBXBuildFile; fileRef = D1D6F1682B59A8C9007758E1 /* PageView.swift */; };
		D1D890452CD2C61C0052710D /* Assets.xcassets in Resources */ = {isa = PBXBuildFile; fileRef = D1D890442CD2C61C0052710D /* Assets.xcassets */; };
		D1D890482CD2C61C0052710D /* Preview Assets.xcassets in Resources */ = {isa = PBXBuildFile; fileRef = D1D890472CD2C61C0052710D /* Preview Assets.xcassets */; };
		D1D8904D2CD2C6540052710D /* ContentView.swift in Sources */ = {isa = PBXBuildFile; fileRef = D1387D6E2AFFB31600570446 /* ContentView.swift */; };
		D1D890532CD2C7340052710D /* PostgresClientKit in Frameworks */ = {isa = PBXBuildFile; productRef = D1D890522CD2C7340052710D /* PostgresClientKit */; };
		D1D890562CD2C83D0052710D /* EventHome.swift in Sources */ = {isa = PBXBuildFile; fileRef = D1D890552CD2C83D0052710D /* EventHome.swift */; };
		D1D890572CD2CB070052710D /* WiiEventApp.swift in Sources */ = {isa = PBXBuildFile; fileRef = D1387D6C2AFFB31600570446 /* WiiEventApp.swift */; };
		D1D890582CD2CB300052710D /* HistoryModel.swift in Sources */ = {isa = PBXBuildFile; fileRef = D1DDB95A2C46EADA00549F69 /* HistoryModel.swift */; };
		D1D890592CD2CB300052710D /* History.swift in Sources */ = {isa = PBXBuildFile; fileRef = D1DC71C32C443B3200D5725E /* History.swift */; };
		D1D8905A2CD2CB520052710D /* Profile.swift in Sources */ = {isa = PBXBuildFile; fileRef = D1D575AD2B55A89C0035478E /* Profile.swift */; };
		D1D8905B2CD2CB520052710D /* ModelData.swift in Sources */ = {isa = PBXBuildFile; fileRef = D1FCA27E2B1CF43B00E2DB42 /* ModelData.swift */; };
		D1D8905C2CD2CB520052710D /* Extentions.swift in Sources */ = {isa = PBXBuildFile; fileRef = D15D81512B69826A005E6D2B /* Extentions.swift */; };
		D1D8905D2CD2CB720052710D /* Assets.xcassets in Resources */ = {isa = PBXBuildFile; fileRef = D1387D702AFFB31800570446 /* Assets.xcassets */; };
		D1D8905E2CD2CBA40052710D /* FiltersView.swift in Sources */ = {isa = PBXBuildFile; fileRef = D15D814D2B6970F8005E6D2B /* FiltersView.swift */; };
		D1DC71C42C443B3200D5725E /* History.swift in Sources */ = {isa = PBXBuildFile; fileRef = D1DC71C32C443B3200D5725E /* History.swift */; };
		D1DC71C92C445CE300D5725E /* HistoryDetailVIew.swift in Sources */ = {isa = PBXBuildFile; fileRef = D1DC71C82C445CE300D5725E /* HistoryDetailVIew.swift */; };
		D1DDB95B2C46EADA00549F69 /* HistoryModel.swift in Sources */ = {isa = PBXBuildFile; fileRef = D1DDB95A2C46EADA00549F69 /* HistoryModel.swift */; };
		D1DF9F602D070C1C004E2E96 /* Deal.swift in Sources */ = {isa = PBXBuildFile; fileRef = D1DF9F5F2D070C19004E2E96 /* Deal.swift */; };
		D1DF9F612D070C1C004E2E96 /* Deal.swift in Sources */ = {isa = PBXBuildFile; fileRef = D1DF9F5F2D070C19004E2E96 /* Deal.swift */; };
		D1DF9F632D0739B8004E2E96 /* DealModel.swift in Sources */ = {isa = PBXBuildFile; fileRef = D1DF9F622D0739B2004E2E96 /* DealModel.swift */; };
		D1DF9F642D0739B8004E2E96 /* DealModel.swift in Sources */ = {isa = PBXBuildFile; fileRef = D1DF9F622D0739B2004E2E96 /* DealModel.swift */; };
		D1DFA1182D0EDA48004E2E96 /* Assets.xcassets in Resources */ = {isa = PBXBuildFile; fileRef = D1DFA1172D0EDA48004E2E96 /* Assets.xcassets */; };
		D1DFA11B2D0EDA48004E2E96 /* Preview Assets.xcassets in Resources */ = {isa = PBXBuildFile; fileRef = D1DFA11A2D0EDA48004E2E96 /* Preview Assets.xcassets */; };
		D1DFA1212D0EDB13004E2E96 /* EventHome.swift in Sources */ = {isa = PBXBuildFile; fileRef = D1FCA2852B1CFA0900E2DB42 /* EventHome.swift */; };
		D1DFA1232D0EDB33004E2E96 /* PostgresClientKit in Frameworks */ = {isa = PBXBuildFile; productRef = D1DFA1222D0EDB33004E2E96 /* PostgresClientKit */; };
		D1DFA1242D0EDB3F004E2E96 /* WiiKit.framework in Frameworks */ = {isa = PBXBuildFile; fileRef = D19132B52D0A09AF00AFCCAD /* WiiKit.framework */; };
		D1DFA1252D0EDB3F004E2E96 /* WiiKit.framework in Embed Frameworks */ = {isa = PBXBuildFile; fileRef = D19132B52D0A09AF00AFCCAD /* WiiKit.framework */; settings = {ATTRIBUTES = (CodeSignOnCopy, RemoveHeadersOnCopy, ); }; };
		D1DFA1272D0EDC1F004E2E96 /* WiiEventApp.swift in Sources */ = {isa = PBXBuildFile; fileRef = D1387D6C2AFFB31600570446 /* WiiEventApp.swift */; };
		D1DFA1282D0EDC29004E2E96 /* ContentView.swift in Sources */ = {isa = PBXBuildFile; fileRef = D1387D6E2AFFB31600570446 /* ContentView.swift */; };
		D1DFA1292D0EDCD5004E2E96 /* DealModel.swift in Sources */ = {isa = PBXBuildFile; fileRef = D1DF9F622D0739B2004E2E96 /* DealModel.swift */; };
		D1DFA12A2D0EDCDC004E2E96 /* Deal.swift in Sources */ = {isa = PBXBuildFile; fileRef = D1DF9F5F2D070C19004E2E96 /* Deal.swift */; };
		D1DFA12B2D0EDCE5004E2E96 /* History.swift in Sources */ = {isa = PBXBuildFile; fileRef = D1DC71C32C443B3200D5725E /* History.swift */; };
		D1DFA12C2D0EDCED004E2E96 /* HistoryModel.swift in Sources */ = {isa = PBXBuildFile; fileRef = D1DDB95A2C46EADA00549F69 /* HistoryModel.swift */; };
		D1DFA1332D0EDD12004E2E96 /* ModelData.swift in Sources */ = {isa = PBXBuildFile; fileRef = D1FCA27E2B1CF43B00E2DB42 /* ModelData.swift */; };
		D1DFA1342D0EDD17004E2E96 /* Profile.swift in Sources */ = {isa = PBXBuildFile; fileRef = D1D575AD2B55A89C0035478E /* Profile.swift */; };
		D1DFA1352D0EDD1C004E2E96 /* Extentions.swift in Sources */ = {isa = PBXBuildFile; fileRef = D15D81512B69826A005E6D2B /* Extentions.swift */; };
		D1DFA1362D0EDD3C004E2E96 /* Assets.xcassets in Resources */ = {isa = PBXBuildFile; fileRef = D1387D702AFFB31800570446 /* Assets.xcassets */; };
		D1DFA13B2D0EE027004E2E96 /* FiltersView.swift in Sources */ = {isa = PBXBuildFile; fileRef = D15D814D2B6970F8005E6D2B /* FiltersView.swift */; };
		D1DFA13C2D0EE038004E2E96 /* EventDetail.swift in Sources */ = {isa = PBXBuildFile; fileRef = D1A7306F2B383B49003A3A49 /* EventDetail.swift */; };
		D1DFA13D2D0EE038004E2E96 /* EventRow.swift in Sources */ = {isa = PBXBuildFile; fileRef = D1FCA2832B1CF62900E2DB42 /* EventRow.swift */; };
		D1DFA13E2D0EE055004E2E96 /* CircleImage.swift in Sources */ = {isa = PBXBuildFile; fileRef = D1FCA2762B1CE54700E2DB42 /* CircleImage.swift */; };
		D1DFA13F2D0EE055004E2E96 /* MapView.swift in Sources */ = {isa = PBXBuildFile; fileRef = D1C55A2D2C7E301A00AB75EC /* MapView.swift */; };
		D1DFA1402D0EE055004E2E96 /* OptionalButton.swift in Sources */ = {isa = PBXBuildFile; fileRef = D1E9B3692B4C5AB40073768D /* OptionalButton.swift */; };
		D1DFA1412D0EE06B004E2E96 /* PriceView.swift in Sources */ = {isa = PBXBuildFile; fileRef = D11CAA642CA5E32700403E82 /* PriceView.swift */; };
		D1DFA1422D0EE06B004E2E96 /* DescriptionView.swift in Sources */ = {isa = PBXBuildFile; fileRef = D10215E32CF90C140075631B /* DescriptionView.swift */; };
		D1DFA1432D0EE06B004E2E96 /* JustificationView.swift in Sources */ = {isa = PBXBuildFile; fileRef = D11CAA612CA5D49D00403E82 /* JustificationView.swift */; };
		D1DFA1442D0EE082004E2E96 /* HistoryAddSheet.swift in Sources */ = {isa = PBXBuildFile; fileRef = D17EEF6C2C9205D500E6E51B /* HistoryAddSheet.swift */; };
		D1DFA1452D0EE082004E2E96 /* HistoryEditSheet.swift in Sources */ = {isa = PBXBuildFile; fileRef = D115824F2C8A286D00E96DB1 /* HistoryEditSheet.swift */; };
		D1DFA1462D0EE082004E2E96 /* HistoryDetailVIew.swift in Sources */ = {isa = PBXBuildFile; fileRef = D1DC71C82C445CE300D5725E /* HistoryDetailVIew.swift */; };
		D1DFA1472D0EE2C9004E2E96 /* EventDetail.swift in Sources */ = {isa = PBXBuildFile; fileRef = D1A7306F2B383B49003A3A49 /* EventDetail.swift */; };
		D1DFA1482D0EE2E5004E2E96 /* CircleImage.swift in Sources */ = {isa = PBXBuildFile; fileRef = D1FCA2762B1CE54700E2DB42 /* CircleImage.swift */; };
		D1DFA1492D0EE2F3004E2E96 /* JustificationView.swift in Sources */ = {isa = PBXBuildFile; fileRef = D11CAA612CA5D49D00403E82 /* JustificationView.swift */; };
		D1DFA14A2D0EE2F8004E2E96 /* DescriptionView.swift in Sources */ = {isa = PBXBuildFile; fileRef = D10215E32CF90C140075631B /* DescriptionView.swift */; };
		D1DFA14B2D0EE31E004E2E96 /* PriceView.swift in Sources */ = {isa = PBXBuildFile; fileRef = D11CAA642CA5E32700403E82 /* PriceView.swift */; };
		D1DFA14C2D0EE327004E2E96 /* HistoryDetailVIew.swift in Sources */ = {isa = PBXBuildFile; fileRef = D1DC71C82C445CE300D5725E /* HistoryDetailVIew.swift */; };
		D1DFA14D2D0EE33C004E2E96 /* HistoryEditSheet.swift in Sources */ = {isa = PBXBuildFile; fileRef = D115824F2C8A286D00E96DB1 /* HistoryEditSheet.swift */; };
		D1DFA14E2D0EE33C004E2E96 /* HistoryAddSheet.swift in Sources */ = {isa = PBXBuildFile; fileRef = D17EEF6C2C9205D500E6E51B /* HistoryAddSheet.swift */; };
		D1DFA14F2D0EE353004E2E96 /* MapView.swift in Sources */ = {isa = PBXBuildFile; fileRef = D1C55A2D2C7E301A00AB75EC /* MapView.swift */; };
		D1DFA1502D0EE353004E2E96 /* OptionalButton.swift in Sources */ = {isa = PBXBuildFile; fileRef = D1E9B3692B4C5AB40073768D /* OptionalButton.swift */; };
		D1DFA1542D0EE39F004E2E96 /* PageViewController.swift in Sources */ = {isa = PBXBuildFile; fileRef = D1D6F1642B585EE7007758E1 /* PageViewController.swift */; };
		D1DFA1552D0EE39F004E2E96 /* PlanCard.swift in Sources */ = {isa = PBXBuildFile; fileRef = D1D6F1662B59A4FD007758E1 /* PlanCard.swift */; };
		D1DFA1562D0EE39F004E2E96 /* PageView.swift in Sources */ = {isa = PBXBuildFile; fileRef = D1D6F1682B59A8C9007758E1 /* PageView.swift */; };
		D1DFA15A2D0EE3A8004E2E96 /* SubgroupHomeView.swift in Sources */ = {isa = PBXBuildFile; fileRef = D10EEF2E2C3D78A300E200F3 /* SubgroupHomeView.swift */; };
		D1DFA15B2D0EE3A8004E2E96 /* SubgroupEventListView.swift in Sources */ = {isa = PBXBuildFile; fileRef = D10EEF4D2C3F21F700E200F3 /* SubgroupEventListView.swift */; };
		D1DFA15C2D0EE3A8004E2E96 /* SubgroupItemView.swift in Sources */ = {isa = PBXBuildFile; fileRef = D10EEF4B2C3F1F2900E200F3 /* SubgroupItemView.swift */; };
		D1DFA15D2D0EE3C2004E2E96 /* EventBadge.swift in Sources */ = {isa = PBXBuildFile; fileRef = D1D575B42B55B7B90035478E /* EventBadge.swift */; };
		D1DFA15E2D0EE3C2004E2E96 /* ProfileEditor.swift in Sources */ = {isa = PBXBuildFile; fileRef = D1D575B62B56FEFE0035478E /* ProfileEditor.swift */; };
		D1DFA15F2D0EE3C2004E2E96 /* ProfileSummary.swift in Sources */ = {isa = PBXBuildFile; fileRef = D1D575B22B55B2080035478E /* ProfileSummary.swift */; };
		D1DFA1612D0EE3C2004E2E96 /* ProfileEditor.swift in Sources */ = {isa = PBXBuildFile; fileRef = D1D575B62B56FEFE0035478E /* ProfileEditor.swift */; };
		D1DFA1622D0EE3C2004E2E96 /* EventBadge.swift in Sources */ = {isa = PBXBuildFile; fileRef = D1D575B42B55B7B90035478E /* EventBadge.swift */; };
		D1DFA1632D0EE3C2004E2E96 /* ProfileSummary.swift in Sources */ = {isa = PBXBuildFile; fileRef = D1D575B22B55B2080035478E /* ProfileSummary.swift */; };
		D1DFA1642D0EE3C2004E2E96 /* ProfileHost.swift in Sources */ = {isa = PBXBuildFile; fileRef = D1D575B02B55B18D0035478E /* ProfileHost.swift */; };
		D1DFA1652D0EE3DE004E2E96 /* EventRow.swift in Sources */ = {isa = PBXBuildFile; fileRef = D1FCA2832B1CF62900E2DB42 /* EventRow.swift */; };
		D1E9B36A2B4C5AB40073768D /* OptionalButton.swift in Sources */ = {isa = PBXBuildFile; fileRef = D1E9B3692B4C5AB40073768D /* OptionalButton.swift */; };
		D1E9B36E2B4DC9960073768D /* CategoryHome.swift in Sources */ = {isa = PBXBuildFile; fileRef = D1E9B36D2B4DC9960073768D /* CategoryHome.swift */; };
		D1FCA2772B1CE54700E2DB42 /* CircleImage.swift in Sources */ = {isa = PBXBuildFile; fileRef = D1FCA2762B1CE54700E2DB42 /* CircleImage.swift */; };
		D1FCA27F2B1CF43B00E2DB42 /* ModelData.swift in Sources */ = {isa = PBXBuildFile; fileRef = D1FCA27E2B1CF43B00E2DB42 /* ModelData.swift */; };
		D1FCA2842B1CF62900E2DB42 /* EventRow.swift in Sources */ = {isa = PBXBuildFile; fileRef = D1FCA2832B1CF62900E2DB42 /* EventRow.swift */; };
/* End PBXBuildFile section */

/* Begin PBXContainerItemProxy section */
		D19132B42D0A09AF00AFCCAD /* PBXContainerItemProxy */ = {
			isa = PBXContainerItemProxy;
			containerPortal = D19132AF2D0A09AF00AFCCAD /* WiiKit.xcodeproj */;
			proxyType = 2;
			remoteGlobalIDString = D1962D02284255ED009F85BE;
			remoteInfo = WiiKit;
		};
/* End PBXContainerItemProxy section */

/* Begin PBXCopyFilesBuildPhase section */
		D102160D2D0A00C40075631B /* Embed Frameworks */ = {
			isa = PBXCopyFilesBuildPhase;
			buildActionMask = 2147483647;
			dstPath = "";
			dstSubfolderSpec = 10;
			files = (
				D19132B92D0A09C800AFCCAD /* WiiKit.framework in Embed Frameworks */,
			);
			name = "Embed Frameworks";
			runOnlyForDeploymentPostprocessing = 0;
		};
		D1DF9FC42D09DA2D004E2E96 /* Embed Frameworks */ = {
			isa = PBXCopyFilesBuildPhase;
			buildActionMask = 2147483647;
			dstPath = "";
			dstSubfolderSpec = 10;
			files = (
				D19132B72D0A09B700AFCCAD /* WiiKit.framework in Embed Frameworks */,
			);
			name = "Embed Frameworks";
			runOnlyForDeploymentPostprocessing = 0;
		};
		D1DFA1262D0EDB3F004E2E96 /* Embed Frameworks */ = {
			isa = PBXCopyFilesBuildPhase;
			buildActionMask = 2147483647;
			dstPath = "";
			dstSubfolderSpec = 10;
			files = (
				D1DFA1252D0EDB3F004E2E96 /* WiiKit.framework in Embed Frameworks */,
			);
			name = "Embed Frameworks";
			runOnlyForDeploymentPostprocessing = 0;
		};
/* End PBXCopyFilesBuildPhase section */

/* Begin PBXFileReference section */
		D10215E32CF90C140075631B /* DescriptionView.swift */ = {isa = PBXFileReference; lastKnownFileType = sourcecode.swift; path = DescriptionView.swift; sourceTree = "<group>"; };
		D10274872B4F0BD500DEBBAB /* CategoryRow.swift */ = {isa = PBXFileReference; lastKnownFileType = sourcecode.swift; path = CategoryRow.swift; sourceTree = "<group>"; };
		D10EEF2E2C3D78A300E200F3 /* SubgroupHomeView.swift */ = {isa = PBXFileReference; lastKnownFileType = sourcecode.swift; path = SubgroupHomeView.swift; sourceTree = "<group>"; };
		D10EEF4B2C3F1F2900E200F3 /* SubgroupItemView.swift */ = {isa = PBXFileReference; lastKnownFileType = sourcecode.swift; path = SubgroupItemView.swift; sourceTree = "<group>"; };
		D10EEF4D2C3F21F700E200F3 /* SubgroupEventListView.swift */ = {isa = PBXFileReference; lastKnownFileType = sourcecode.swift; path = SubgroupEventListView.swift; sourceTree = "<group>"; };
		D115824F2C8A286D00E96DB1 /* HistoryEditSheet.swift */ = {isa = PBXFileReference; lastKnownFileType = sourcecode.swift; path = HistoryEditSheet.swift; sourceTree = "<group>"; };
		D11CAA612CA5D49D00403E82 /* JustificationView.swift */ = {isa = PBXFileReference; lastKnownFileType = sourcecode.swift; path = JustificationView.swift; sourceTree = "<group>"; };
		D11CAA642CA5E32700403E82 /* PriceView.swift */ = {isa = PBXFileReference; lastKnownFileType = sourcecode.swift; path = PriceView.swift; sourceTree = "<group>"; };
		D1387D692AFFB31600570446 /* WiiEvent.app */ = {isa = PBXFileReference; explicitFileType = wrapper.application; includeInIndex = 0; path = WiiEvent.app; sourceTree = BUILT_PRODUCTS_DIR; };
		D1387D6C2AFFB31600570446 /* WiiEventApp.swift */ = {isa = PBXFileReference; lastKnownFileType = sourcecode.swift; path = WiiEventApp.swift; sourceTree = "<group>"; };
		D1387D6E2AFFB31600570446 /* ContentView.swift */ = {isa = PBXFileReference; lastKnownFileType = sourcecode.swift; path = ContentView.swift; sourceTree = "<group>"; };
		D1387D702AFFB31800570446 /* Assets.xcassets */ = {isa = PBXFileReference; lastKnownFileType = folder.assetcatalog; path = Assets.xcassets; sourceTree = "<group>"; };
		D15D814D2B6970F8005E6D2B /* FiltersView.swift */ = {isa = PBXFileReference; lastKnownFileType = sourcecode.swift; path = FiltersView.swift; sourceTree = "<group>"; };
		D15D81512B69826A005E6D2B /* Extentions.swift */ = {isa = PBXFileReference; lastKnownFileType = sourcecode.swift; path = Extentions.swift; sourceTree = "<group>"; };
		D16B20B82B50621E00B96160 /* CategoryItem.swift */ = {isa = PBXFileReference; lastKnownFileType = sourcecode.swift; path = CategoryItem.swift; sourceTree = "<group>"; };
		D17EEF6C2C9205D500E6E51B /* HistoryAddSheet.swift */ = {isa = PBXFileReference; lastKnownFileType = sourcecode.swift; path = HistoryAddSheet.swift; sourceTree = "<group>"; };
		D191325B2D0A09AF00AFCCAD /* ArrayExtension.swift */ = {isa = PBXFileReference; lastKnownFileType = sourcecode.swift; path = ArrayExtension.swift; sourceTree = "<group>"; };
		D191325C2D0A09AF00AFCCAD /* CalendarExtension.swift */ = {isa = PBXFileReference; lastKnownFileType = sourcecode.swift; path = CalendarExtension.swift; sourceTree = "<group>"; };
		D191325D2D0A09AF00AFCCAD /* ColorExtension.swift */ = {isa = PBXFileReference; lastKnownFileType = sourcecode.swift; path = ColorExtension.swift; sourceTree = "<group>"; };
		D191325E2D0A09AF00AFCCAD /* DateExtension.swift */ = {isa = PBXFileReference; lastKnownFileType = sourcecode.swift; path = DateExtension.swift; sourceTree = "<group>"; };
		D191325F2D0A09AF00AFCCAD /* DateFormatterExtension.swift */ = {isa = PBXFileReference; lastKnownFileType = sourcecode.swift; path = DateFormatterExtension.swift; sourceTree = "<group>"; };
		D19132602D0A09AF00AFCCAD /* DateIntervalExtension.swift */ = {isa = PBXFileReference; lastKnownFileType = sourcecode.swift; path = DateIntervalExtension.swift; sourceTree = "<group>"; };
		D19132612D0A09AF00AFCCAD /* StringExtension.swift */ = {isa = PBXFileReference; lastKnownFileType = sourcecode.swift; path = StringExtension.swift; sourceTree = "<group>"; };
		D19132622D0A09AF00AFCCAD /* ViewExtension.swift */ = {isa = PBXFileReference; lastKnownFileType = sourcecode.swift; path = ViewExtension.swift; sourceTree = "<group>"; };
		D19132642D0A09AF00AFCCAD /* Activity.swift */ = {isa = PBXFileReference; lastKnownFileType = sourcecode.swift; path = Activity.swift; sourceTree = "<group>"; };
		D19132652D0A09AF00AFCCAD /* ActivityModel.swift */ = {isa = PBXFileReference; lastKnownFileType = sourcecode.swift; path = ActivityModel.swift; sourceTree = "<group>"; };
		D19132662D0A09AF00AFCCAD /* EntEvent.swift */ = {isa = PBXFileReference; lastKnownFileType = sourcecode.swift; path = EntEvent.swift; sourceTree = "<group>"; };
		D19132672D0A09AF00AFCCAD /* EntEventModel.swift */ = {isa = PBXFileReference; lastKnownFileType = sourcecode.swift; path = EntEventModel.swift; sourceTree = "<group>"; };
		D19132682D0A09AF00AFCCAD /* Holiday.swift */ = {isa = PBXFileReference; lastKnownFileType = sourcecode.swift; path = Holiday.swift; sourceTree = "<group>"; };
		D19132692D0A09AF00AFCCAD /* HolidayModel.swift */ = {isa = PBXFileReference; lastKnownFileType = sourcecode.swift; path = HolidayModel.swift; sourceTree = "<group>"; };
		D191326A2D0A09AF00AFCCAD /* Period.swift */ = {isa = PBXFileReference; lastKnownFileType = sourcecode.swift; path = Period.swift; sourceTree = "<group>"; };
		D191326B2D0A09AF00AFCCAD /* PeriodModel.swift */ = {isa = PBXFileReference; lastKnownFileType = sourcecode.swift; path = PeriodModel.swift; sourceTree = "<group>"; };
		D191326D2D0A09AF00AFCCAD /* InternshipCadence.swift */ = {isa = PBXFileReference; lastKnownFileType = sourcecode.swift; path = InternshipCadence.swift; sourceTree = "<group>"; };
		D191326E2D0A09AF00AFCCAD /* InternshipCadenceModel.swift */ = {isa = PBXFileReference; lastKnownFileType = sourcecode.swift; path = InternshipCadenceModel.swift; sourceTree = "<group>"; };
		D19132702D0A09AF00AFCCAD /* InternshipType.swift */ = {isa = PBXFileReference; lastKnownFileType = sourcecode.swift; path = InternshipType.swift; sourceTree = "<group>"; };
		D19132712D0A09AF00AFCCAD /* InternshipTypeModel.swift */ = {isa = PBXFileReference; lastKnownFileType = sourcecode.swift; path = InternshipTypeModel.swift; sourceTree = "<group>"; };
		D19132732D0A09AF00AFCCAD /* Internship.swift */ = {isa = PBXFileReference; lastKnownFileType = sourcecode.swift; path = Internship.swift; sourceTree = "<group>"; };
		D19132742D0A09AF00AFCCAD /* InternshipModel.swift */ = {isa = PBXFileReference; lastKnownFileType = sourcecode.swift; path = InternshipModel.swift; sourceTree = "<group>"; };
		D19132762D0A09AF00AFCCAD /* Morder.swift */ = {isa = PBXFileReference; lastKnownFileType = sourcecode.swift; path = Morder.swift; sourceTree = "<group>"; };
		D19132772D0A09AF00AFCCAD /* MorderModel.swift */ = {isa = PBXFileReference; lastKnownFileType = sourcecode.swift; path = MorderModel.swift; sourceTree = "<group>"; };
		D19132792D0A09AF00AFCCAD /* Person.swift */ = {isa = PBXFileReference; lastKnownFileType = sourcecode.swift; path = Person.swift; sourceTree = "<group>"; };
		D191327A2D0A09AF00AFCCAD /* PersonFilters.swift */ = {isa = PBXFileReference; lastKnownFileType = sourcecode.swift; path = PersonFilters.swift; sourceTree = "<group>"; };
		D191327B2D0A09AF00AFCCAD /* PersonModel.swift */ = {isa = PBXFileReference; lastKnownFileType = sourcecode.swift; path = PersonModel.swift; sourceTree = "<group>"; };
		D191327C2D0A09AF00AFCCAD /* Position.swift */ = {isa = PBXFileReference; lastKnownFileType = sourcecode.swift; path = Position.swift; sourceTree = "<group>"; };
		D191327D2D0A09AF00AFCCAD /* PositionModel.swift */ = {isa = PBXFileReference; lastKnownFileType = sourcecode.swift; path = PositionModel.swift; sourceTree = "<group>"; };
		D191327F2D0A09AF00AFCCAD /* Sector.swift */ = {isa = PBXFileReference; lastKnownFileType = sourcecode.swift; path = Sector.swift; sourceTree = "<group>"; };
		D19132802D0A09AF00AFCCAD /* SectorModel.swift */ = {isa = PBXFileReference; lastKnownFileType = sourcecode.swift; path = SectorModel.swift; sourceTree = "<group>"; };
		D19132812D0A09AF00AFCCAD /* SectorPool.swift */ = {isa = PBXFileReference; lastKnownFileType = sourcecode.swift; path = SectorPool.swift; sourceTree = "<group>"; };
		D19132822D0A09AF00AFCCAD /* SectorPoolModel.swift */ = {isa = PBXFileReference; lastKnownFileType = sourcecode.swift; path = SectorPoolModel.swift; sourceTree = "<group>"; };
		D19132852D0A09AF00AFCCAD /* CardModifier.swift */ = {isa = PBXFileReference; lastKnownFileType = sourcecode.swift; path = CardModifier.swift; sourceTree = "<group>"; };
		D19132872D0A09AF00AFCCAD /* PgConnectionSettings.swift */ = {isa = PBXFileReference; lastKnownFileType = sourcecode.swift; path = PgConnectionSettings.swift; sourceTree = "<group>"; };
		D19132892D0A09AF00AFCCAD /* ActivityCard.swift */ = {isa = PBXFileReference; lastKnownFileType = sourcecode.swift; path = ActivityCard.swift; sourceTree = "<group>"; };
		D191328A2D0A09AF00AFCCAD /* ActivityPicker.swift */ = {isa = PBXFileReference; lastKnownFileType = sourcecode.swift; path = ActivityPicker.swift; sourceTree = "<group>"; };
		D191328B2D0A09AF00AFCCAD /* ActivitySearchView.swift */ = {isa = PBXFileReference; lastKnownFileType = sourcecode.swift; path = ActivitySearchView.swift; sourceTree = "<group>"; };
		D191328C2D0A09AF00AFCCAD /* PeriodCard.swift */ = {isa = PBXFileReference; lastKnownFileType = sourcecode.swift; path = PeriodCard.swift; sourceTree = "<group>"; };
		D191328E2D0A09AF00AFCCAD /* InternshipCadenceCard.swift */ = {isa = PBXFileReference; lastKnownFileType = sourcecode.swift; path = InternshipCadenceCard.swift; sourceTree = "<group>"; };
		D191328F2D0A09AF00AFCCAD /* InternshipCadenceEditView.swift */ = {isa = PBXFileReference; lastKnownFileType = sourcecode.swift; path = InternshipCadenceEditView.swift; sourceTree = "<group>"; };
		D19132912D0A09AF00AFCCAD /* InternshipCard.swift */ = {isa = PBXFileReference; lastKnownFileType = sourcecode.swift; path = InternshipCard.swift; sourceTree = "<group>"; };
		D19132922D0A09AF00AFCCAD /* InternshipEditView.swift */ = {isa = PBXFileReference; lastKnownFileType = sourcecode.swift; path = InternshipEditView.swift; sourceTree = "<group>"; };
		D19132942D0A09AF00AFCCAD /* MorderCard.swift */ = {isa = PBXFileReference; lastKnownFileType = sourcecode.swift; path = MorderCard.swift; sourceTree = "<group>"; };
		D19132952D0A09AF00AFCCAD /* MorderSearchView.swift */ = {isa = PBXFileReference; lastKnownFileType = sourcecode.swift; path = MorderSearchView.swift; sourceTree = "<group>"; };
		D19132972D0A09AF00AFCCAD /* PositionCard.swift */ = {isa = PBXFileReference; lastKnownFileType = sourcecode.swift; path = PositionCard.swift; sourceTree = "<group>"; };
		D19132982D0A09AF00AFCCAD /* PositionPicker.swift */ = {isa = PBXFileReference; lastKnownFileType = sourcecode.swift; path = PositionPicker.swift; sourceTree = "<group>"; };
		D19132992D0A09AF00AFCCAD /* PositionsArrayPicker.swift */ = {isa = PBXFileReference; lastKnownFileType = sourcecode.swift; path = PositionsArrayPicker.swift; sourceTree = "<group>"; };
		D191329A2D0A09AF00AFCCAD /* PositionsArrayView.swift */ = {isa = PBXFileReference; lastKnownFileType = sourcecode.swift; path = PositionsArrayView.swift; sourceTree = "<group>"; };
		D191329C2D0A09AF00AFCCAD /* ShiftCard.swift */ = {isa = PBXFileReference; lastKnownFileType = sourcecode.swift; path = ShiftCard.swift; sourceTree = "<group>"; };
		D191329E2D0A09AF00AFCCAD /* PersonCard.swift */ = {isa = PBXFileReference; lastKnownFileType = sourcecode.swift; path = PersonCard.swift; sourceTree = "<group>"; };
		D191329F2D0A09AF00AFCCAD /* PersonEditView.swift */ = {isa = PBXFileReference; lastKnownFileType = sourcecode.swift; path = PersonEditView.swift; sourceTree = "<group>"; };
		D19132A02D0A09AF00AFCCAD /* PersonFiltersView.swift */ = {isa = PBXFileReference; lastKnownFileType = sourcecode.swift; path = PersonFiltersView.swift; sourceTree = "<group>"; };
		D19132A12D0A09AF00AFCCAD /* PersonSearchView.swift */ = {isa = PBXFileReference; lastKnownFileType = sourcecode.swift; path = PersonSearchView.swift; sourceTree = "<group>"; };
		D19132A32D0A09AF00AFCCAD /* SectorCard.swift */ = {isa = PBXFileReference; lastKnownFileType = sourcecode.swift; path = SectorCard.swift; sourceTree = "<group>"; };
		D19132A42D0A09AF00AFCCAD /* SectorPoolPicker.swift */ = {isa = PBXFileReference; lastKnownFileType = sourcecode.swift; path = SectorPoolPicker.swift; sourceTree = "<group>"; };
		D19132A52D0A09AF00AFCCAD /* SectorsArrayPicker.swift */ = {isa = PBXFileReference; lastKnownFileType = sourcecode.swift; path = SectorsArrayPicker.swift; sourceTree = "<group>"; };
		D19132A62D0A09AF00AFCCAD /* SectorsArrayView.swift */ = {isa = PBXFileReference; lastKnownFileType = sourcecode.swift; path = SectorsArrayView.swift; sourceTree = "<group>"; };
		D19132A72D0A09AF00AFCCAD /* SectorsPoolCard.swift */ = {isa = PBXFileReference; lastKnownFileType = sourcecode.swift; path = SectorsPoolCard.swift; sourceTree = "<group>"; };
		D19132A82D0A09AF00AFCCAD /* SectorsPoolSearchView.swift */ = {isa = PBXFileReference; lastKnownFileType = sourcecode.swift; path = SectorsPoolSearchView.swift; sourceTree = "<group>"; };
		D19132AB2D0A09AF00AFCCAD /* Global.swift */ = {isa = PBXFileReference; lastKnownFileType = sourcecode.swift; path = Global.swift; sourceTree = "<group>"; };
		D19132AC2D0A09AF00AFCCAD /* WiiKit.h */ = {isa = PBXFileReference; lastKnownFileType = sourcecode.c.h; path = WiiKit.h; sourceTree = "<group>"; };
		D19132AE2D0A09AF00AFCCAD /* WiiKit.xcassets */ = {isa = PBXFileReference; lastKnownFileType = folder.assetcatalog; path = WiiKit.xcassets; sourceTree = "<group>"; };
		D19132AF2D0A09AF00AFCCAD /* WiiKit.xcodeproj */ = {isa = PBXFileReference; lastKnownFileType = "wrapper.pb-project"; path = WiiKit.xcodeproj; sourceTree = "<group>"; };
		D1A7306F2B383B49003A3A49 /* EventDetail.swift */ = {isa = PBXFileReference; lastKnownFileType = sourcecode.swift; path = EventDetail.swift; sourceTree = "<group>"; };
		D1C55A2D2C7E301A00AB75EC /* MapView.swift */ = {isa = PBXFileReference; lastKnownFileType = sourcecode.swift; path = MapView.swift; sourceTree = "<group>"; };
		D1D575AD2B55A89C0035478E /* Profile.swift */ = {isa = PBXFileReference; lastKnownFileType = sourcecode.swift; path = Profile.swift; sourceTree = "<group>"; };
		D1D575B02B55B18D0035478E /* ProfileHost.swift */ = {isa = PBXFileReference; lastKnownFileType = sourcecode.swift; path = ProfileHost.swift; sourceTree = "<group>"; };
		D1D575B22B55B2080035478E /* ProfileSummary.swift */ = {isa = PBXFileReference; lastKnownFileType = sourcecode.swift; path = ProfileSummary.swift; sourceTree = "<group>"; };
		D1D575B42B55B7B90035478E /* EventBadge.swift */ = {isa = PBXFileReference; lastKnownFileType = sourcecode.swift; path = EventBadge.swift; sourceTree = "<group>"; };
		D1D575B62B56FEFE0035478E /* ProfileEditor.swift */ = {isa = PBXFileReference; lastKnownFileType = sourcecode.swift; path = ProfileEditor.swift; sourceTree = "<group>"; };
		D1D6F1642B585EE7007758E1 /* PageViewController.swift */ = {isa = PBXFileReference; lastKnownFileType = sourcecode.swift; path = PageViewController.swift; sourceTree = "<group>"; };
		D1D6F1662B59A4FD007758E1 /* PlanCard.swift */ = {isa = PBXFileReference; lastKnownFileType = sourcecode.swift; path = PlanCard.swift; sourceTree = "<group>"; };
		D1D6F1682B59A8C9007758E1 /* PageView.swift */ = {isa = PBXFileReference; lastKnownFileType = sourcecode.swift; path = PageView.swift; sourceTree = "<group>"; };
		D1D8903E2CD2C61B0052710D /* WiiEventMac.app */ = {isa = PBXFileReference; explicitFileType = wrapper.application; includeInIndex = 0; path = WiiEventMac.app; sourceTree = BUILT_PRODUCTS_DIR; };
		D1D890442CD2C61C0052710D /* Assets.xcassets */ = {isa = PBXFileReference; lastKnownFileType = folder.assetcatalog; path = Assets.xcassets; sourceTree = "<group>"; };
		D1D890472CD2C61C0052710D /* Preview Assets.xcassets */ = {isa = PBXFileReference; lastKnownFileType = folder.assetcatalog; path = "Preview Assets.xcassets"; sourceTree = "<group>"; };
		D1D890492CD2C61C0052710D /* WiiEventMac.entitlements */ = {isa = PBXFileReference; lastKnownFileType = text.plist.entitlements; path = WiiEventMac.entitlements; sourceTree = "<group>"; };
		D1D890552CD2C83D0052710D /* EventHome.swift */ = {isa = PBXFileReference; lastKnownFileType = sourcecode.swift; path = EventHome.swift; sourceTree = "<group>"; };
		D1DC71C32C443B3200D5725E /* History.swift */ = {isa = PBXFileReference; lastKnownFileType = sourcecode.swift; path = History.swift; sourceTree = "<group>"; };
		D1DC71C82C445CE300D5725E /* HistoryDetailVIew.swift */ = {isa = PBXFileReference; lastKnownFileType = sourcecode.swift; path = HistoryDetailVIew.swift; sourceTree = "<group>"; };
		D1DDB95A2C46EADA00549F69 /* HistoryModel.swift */ = {isa = PBXFileReference; lastKnownFileType = sourcecode.swift; path = HistoryModel.swift; sourceTree = "<group>"; };
		D1DF9F5F2D070C19004E2E96 /* Deal.swift */ = {isa = PBXFileReference; lastKnownFileType = sourcecode.swift; path = Deal.swift; sourceTree = "<group>"; };
		D1DF9F622D0739B2004E2E96 /* DealModel.swift */ = {isa = PBXFileReference; lastKnownFileType = sourcecode.swift; path = DealModel.swift; sourceTree = "<group>"; };
		D1DFA1112D0EDA47004E2E96 /* WiiEventIOS.app */ = {isa = PBXFileReference; explicitFileType = wrapper.application; includeInIndex = 0; path = WiiEventIOS.app; sourceTree = BUILT_PRODUCTS_DIR; };
		D1DFA1172D0EDA48004E2E96 /* Assets.xcassets */ = {isa = PBXFileReference; lastKnownFileType = folder.assetcatalog; path = Assets.xcassets; sourceTree = "<group>"; };
		D1DFA11A2D0EDA48004E2E96 /* Preview Assets.xcassets */ = {isa = PBXFileReference; lastKnownFileType = folder.assetcatalog; path = "Preview Assets.xcassets"; sourceTree = "<group>"; };
		D1E9B3692B4C5AB40073768D /* OptionalButton.swift */ = {isa = PBXFileReference; lastKnownFileType = sourcecode.swift; path = OptionalButton.swift; sourceTree = "<group>"; };
		D1E9B36D2B4DC9960073768D /* CategoryHome.swift */ = {isa = PBXFileReference; lastKnownFileType = sourcecode.swift; path = CategoryHome.swift; sourceTree = "<group>"; };
		D1FCA2762B1CE54700E2DB42 /* CircleImage.swift */ = {isa = PBXFileReference; lastKnownFileType = sourcecode.swift; path = CircleImage.swift; sourceTree = "<group>"; };
		D1FCA27E2B1CF43B00E2DB42 /* ModelData.swift */ = {isa = PBXFileReference; lastKnownFileType = sourcecode.swift; path = ModelData.swift; sourceTree = "<group>"; };
		D1FCA2832B1CF62900E2DB42 /* EventRow.swift */ = {isa = PBXFileReference; lastKnownFileType = sourcecode.swift; path = EventRow.swift; sourceTree = "<group>"; };
		D1FCA2852B1CFA0900E2DB42 /* EventHome.swift */ = {isa = PBXFileReference; lastKnownFileType = sourcecode.swift; path = EventHome.swift; sourceTree = "<group>"; };
/* End PBXFileReference section */

/* Begin PBXFileSystemSynchronizedBuildFileExceptionSet section */
		D10EEF232C3A16EC00E200F3 /* PBXFileSystemSynchronizedBuildFileExceptionSet */ = {
			isa = PBXFileSystemSynchronizedBuildFileExceptionSet;
			membershipExceptions = (
				Event.swift,
				EventModel.swift,
			);
			target = D1387D682AFFB31600570446 /* WiiEvent */;
		};
		D10EEF2B2C3D765300E200F3 /* PBXFileSystemSynchronizedBuildFileExceptionSet */ = {
			isa = PBXFileSystemSynchronizedBuildFileExceptionSet;
			membershipExceptions = (
				Subgroup.swift,
				SubgroupModel.swift,
			);
			target = D1387D682AFFB31600570446 /* WiiEvent */;
		};
		D1D890502CD2C6F70052710D /* PBXFileSystemSynchronizedBuildFileExceptionSet */ = {
			isa = PBXFileSystemSynchronizedBuildFileExceptionSet;
			membershipExceptions = (
				Event.swift,
				EventModel.swift,
			);
			target = D1D8903D2CD2C61B0052710D /* WiiEventMac */;
		};
		D1D890612CD2CD810052710D /* PBXFileSystemSynchronizedBuildFileExceptionSet */ = {
			isa = PBXFileSystemSynchronizedBuildFileExceptionSet;
			membershipExceptions = (
				Subgroup.swift,
				SubgroupModel.swift,
			);
			target = D1D8903D2CD2C61B0052710D /* WiiEventMac */;
		};
		D1DFA12E2D0EDCF5004E2E96 /* PBXFileSystemSynchronizedBuildFileExceptionSet */ = {
			isa = PBXFileSystemSynchronizedBuildFileExceptionSet;
			membershipExceptions = (
				Subgroup.swift,
				SubgroupModel.swift,
			);
			target = D1DFA1102D0EDA47004E2E96 /* WiiEventIOS */;
		};
		D1DFA1312D0EDD04004E2E96 /* PBXFileSystemSynchronizedBuildFileExceptionSet */ = {
			isa = PBXFileSystemSynchronizedBuildFileExceptionSet;
			membershipExceptions = (
				Event.swift,
				EventModel.swift,
			);
			target = D1DFA1102D0EDA47004E2E96 /* WiiEventIOS */;
		};
/* End PBXFileSystemSynchronizedBuildFileExceptionSet section */

/* Begin PBXFileSystemSynchronizedRootGroup section */
		D10EEF222C3A16DC00E200F3 /* Event */ = {isa = PBXFileSystemSynchronizedRootGroup; exceptions = (D10EEF232C3A16EC00E200F3 /* PBXFileSystemSynchronizedBuildFileExceptionSet */, D1D890502CD2C6F70052710D /* PBXFileSystemSynchronizedBuildFileExceptionSet */, D1DFA1312D0EDD04004E2E96 /* PBXFileSystemSynchronizedBuildFileExceptionSet */, ); explicitFileTypes = {}; explicitFolders = (); path = Event; sourceTree = "<group>"; };
		D10EEF242C3A19A400E200F3 /* Subgroup */ = {isa = PBXFileSystemSynchronizedRootGroup; exceptions = (D10EEF2B2C3D765300E200F3 /* PBXFileSystemSynchronizedBuildFileExceptionSet */, D1D890612CD2CD810052710D /* PBXFileSystemSynchronizedBuildFileExceptionSet */, D1DFA12E2D0EDCF5004E2E96 /* PBXFileSystemSynchronizedBuildFileExceptionSet */, ); explicitFileTypes = {}; explicitFolders = (); path = Subgroup; sourceTree = "<group>"; };
/* End PBXFileSystemSynchronizedRootGroup section */

/* Begin PBXFrameworksBuildPhase section */
		D1387D662AFFB31600570446 /* Frameworks */ = {
			isa = PBXFrameworksBuildPhase;
			buildActionMask = 2147483647;
			files = (
				D1C55A2B2C7E2F0800AB75EC /* PostgresClientKit in Frameworks */,
				D19132B62D0A09B700AFCCAD /* WiiKit.framework in Frameworks */,
			);
			runOnlyForDeploymentPostprocessing = 0;
		};
		D1D8903B2CD2C61B0052710D /* Frameworks */ = {
			isa = PBXFrameworksBuildPhase;
			buildActionMask = 2147483647;
			files = (
				D1D890532CD2C7340052710D /* PostgresClientKit in Frameworks */,
				D19132B82D0A09C800AFCCAD /* WiiKit.framework in Frameworks */,
			);
			runOnlyForDeploymentPostprocessing = 0;
		};
		D1DFA10E2D0EDA47004E2E96 /* Frameworks */ = {
			isa = PBXFrameworksBuildPhase;
			buildActionMask = 2147483647;
			files = (
				D1DFA1232D0EDB33004E2E96 /* PostgresClientKit in Frameworks */,
				D1DFA1242D0EDB3F004E2E96 /* WiiKit.framework in Frameworks */,
			);
			runOnlyForDeploymentPostprocessing = 0;
		};
/* End PBXFrameworksBuildPhase section */

/* Begin PBXGroup section */
		D10B63822D141AE700950934 /* Event */ = {
			isa = PBXGroup;
			children = (
			);
			path = Event;
			sourceTree = "<group>";
		};
		D10EEF302C3D7BD600E200F3 /* Subgroup */ = {
			isa = PBXGroup;
			children = (
				D10EEF2E2C3D78A300E200F3 /* SubgroupHomeView.swift */,
				D10EEF4B2C3F1F2900E200F3 /* SubgroupItemView.swift */,
				D10EEF4D2C3F21F700E200F3 /* SubgroupEventListView.swift */,
			);
			path = Subgroup;
			sourceTree = "<group>";
		};
		D1387D602AFFB31600570446 = {
			isa = PBXGroup;
			children = (
				D1387D6B2AFFB31600570446 /* WiiEvent */,
				D1D8903F2CD2C61B0052710D /* WiiEventMac */,
				D1DFA1122D0EDA47004E2E96 /* WiiEventIOS */,
				D1387D6A2AFFB31600570446 /* Products */,
				D1D890512CD2C7340052710D /* Frameworks */,
			);
			sourceTree = "<group>";
		};
		D1387D6A2AFFB31600570446 /* Products */ = {
			isa = PBXGroup;
			children = (
				D1387D692AFFB31600570446 /* WiiEvent.app */,
				D1D8903E2CD2C61B0052710D /* WiiEventMac.app */,
				D1DFA1112D0EDA47004E2E96 /* WiiEventIOS.app */,
			);
			name = Products;
			sourceTree = "<group>";
		};
		D1387D6B2AFFB31600570446 /* WiiEvent */ = {
			isa = PBXGroup;
			children = (
				D1387D6C2AFFB31600570446 /* WiiEventApp.swift */,
				D1FCA2802B1CF59400E2DB42 /* Views */,
				D1FCA2812B1CF5A200E2DB42 /* Model */,
				D1FCA2822B1CF5B500E2DB42 /* Resources */,
			);
			path = WiiEvent;
			sourceTree = "<group>";
		};
		D16B20B72B5061ED00B96160 /* Category */ = {
			isa = PBXGroup;
			children = (
				D1E9B36D2B4DC9960073768D /* CategoryHome.swift */,
				D10274872B4F0BD500DEBBAB /* CategoryRow.swift */,
				D16B20B82B50621E00B96160 /* CategoryItem.swift */,
			);
			path = Category;
			sourceTree = "<group>";
		};
		D17EEF6B2C90BD2C00E6E51B /* HistoryHelper */ = {
			isa = PBXGroup;
			children = (
				D17EEF6C2C9205D500E6E51B /* HistoryAddSheet.swift */,
				D115824F2C8A286D00E96DB1 /* HistoryEditSheet.swift */,
				D1DC71C82C445CE300D5725E /* HistoryDetailVIew.swift */,
			);
			path = HistoryHelper;
			sourceTree = "<group>";
		};
		D19132632D0A09AF00AFCCAD /* Extensions */ = {
			isa = PBXGroup;
			children = (
				D191325B2D0A09AF00AFCCAD /* ArrayExtension.swift */,
				D191325C2D0A09AF00AFCCAD /* CalendarExtension.swift */,
				D191325D2D0A09AF00AFCCAD /* ColorExtension.swift */,
				D191325E2D0A09AF00AFCCAD /* DateExtension.swift */,
				D191325F2D0A09AF00AFCCAD /* DateFormatterExtension.swift */,
				D19132602D0A09AF00AFCCAD /* DateIntervalExtension.swift */,
				D19132612D0A09AF00AFCCAD /* StringExtension.swift */,
				D19132622D0A09AF00AFCCAD /* ViewExtension.swift */,
			);
			path = Extensions;
			sourceTree = "<group>";
		};
		D191326C2D0A09AF00AFCCAD /* Calendar */ = {
			isa = PBXGroup;
			children = (
				D19132642D0A09AF00AFCCAD /* Activity.swift */,
				D19132652D0A09AF00AFCCAD /* ActivityModel.swift */,
				D19132662D0A09AF00AFCCAD /* EntEvent.swift */,
				D19132672D0A09AF00AFCCAD /* EntEventModel.swift */,
				D19132682D0A09AF00AFCCAD /* Holiday.swift */,
				D19132692D0A09AF00AFCCAD /* HolidayModel.swift */,
				D191326A2D0A09AF00AFCCAD /* Period.swift */,
				D191326B2D0A09AF00AFCCAD /* PeriodModel.swift */,
			);
			path = Calendar;
			sourceTree = "<group>";
		};
		D191326F2D0A09AF00AFCCAD /* IInternshipCadence */ = {
			isa = PBXGroup;
			children = (
				D191326D2D0A09AF00AFCCAD /* InternshipCadence.swift */,
				D191326E2D0A09AF00AFCCAD /* InternshipCadenceModel.swift */,
			);
			path = IInternshipCadence;
			sourceTree = "<group>";
		};
		D19132722D0A09AF00AFCCAD /* IInternshipType */ = {
			isa = PBXGroup;
			children = (
				D19132702D0A09AF00AFCCAD /* InternshipType.swift */,
				D19132712D0A09AF00AFCCAD /* InternshipTypeModel.swift */,
			);
			path = IInternshipType;
			sourceTree = "<group>";
		};
		D19132752D0A09AF00AFCCAD /* Internship */ = {
			isa = PBXGroup;
			children = (
				D191326F2D0A09AF00AFCCAD /* IInternshipCadence */,
				D19132722D0A09AF00AFCCAD /* IInternshipType */,
				D19132732D0A09AF00AFCCAD /* Internship.swift */,
				D19132742D0A09AF00AFCCAD /* InternshipModel.swift */,
			);
			path = Internship;
			sourceTree = "<group>";
		};
		D19132782D0A09AF00AFCCAD /* Morder */ = {
			isa = PBXGroup;
			children = (
				D19132762D0A09AF00AFCCAD /* Morder.swift */,
				D19132772D0A09AF00AFCCAD /* MorderModel.swift */,
			);
			path = Morder;
			sourceTree = "<group>";
		};
		D191327E2D0A09AF00AFCCAD /* Person */ = {
			isa = PBXGroup;
			children = (
				D19132792D0A09AF00AFCCAD /* Person.swift */,
				D191327A2D0A09AF00AFCCAD /* PersonFilters.swift */,
				D191327B2D0A09AF00AFCCAD /* PersonModel.swift */,
				D191327C2D0A09AF00AFCCAD /* Position.swift */,
				D191327D2D0A09AF00AFCCAD /* PositionModel.swift */,
			);
			path = Person;
			sourceTree = "<group>";
		};
		D19132832D0A09AF00AFCCAD /* Sectors */ = {
			isa = PBXGroup;
			children = (
				D191327F2D0A09AF00AFCCAD /* Sector.swift */,
				D19132802D0A09AF00AFCCAD /* SectorModel.swift */,
				D19132812D0A09AF00AFCCAD /* SectorPool.swift */,
				D19132822D0A09AF00AFCCAD /* SectorPoolModel.swift */,
			);
			path = Sectors;
			sourceTree = "<group>";
		};
		D19132842D0A09AF00AFCCAD /* Models */ = {
			isa = PBXGroup;
			children = (
				D191326C2D0A09AF00AFCCAD /* Calendar */,
				D19132752D0A09AF00AFCCAD /* Internship */,
				D19132782D0A09AF00AFCCAD /* Morder */,
				D191327E2D0A09AF00AFCCAD /* Person */,
				D19132832D0A09AF00AFCCAD /* Sectors */,
			);
			path = Models;
			sourceTree = "<group>";
		};
		D19132862D0A09AF00AFCCAD /* Modifiers */ = {
			isa = PBXGroup;
			children = (
				D19132852D0A09AF00AFCCAD /* CardModifier.swift */,
			);
			path = Modifiers;
			sourceTree = "<group>";
		};
		D19132882D0A09AF00AFCCAD /* NetworkDrivers */ = {
			isa = PBXGroup;
			children = (
				D19132872D0A09AF00AFCCAD /* PgConnectionSettings.swift */,
			);
			path = NetworkDrivers;
			sourceTree = "<group>";
		};
		D191328D2D0A09AF00AFCCAD /* Calendar */ = {
			isa = PBXGroup;
			children = (
				D19132892D0A09AF00AFCCAD /* ActivityCard.swift */,
				D191328A2D0A09AF00AFCCAD /* ActivityPicker.swift */,
				D191328B2D0A09AF00AFCCAD /* ActivitySearchView.swift */,
				D191328C2D0A09AF00AFCCAD /* PeriodCard.swift */,
			);
			path = Calendar;
			sourceTree = "<group>";
		};
		D19132902D0A09AF00AFCCAD /* InternshipCadence */ = {
			isa = PBXGroup;
			children = (
				D191328E2D0A09AF00AFCCAD /* InternshipCadenceCard.swift */,
				D191328F2D0A09AF00AFCCAD /* InternshipCadenceEditView.swift */,
			);
			path = InternshipCadence;
			sourceTree = "<group>";
		};
		D19132932D0A09AF00AFCCAD /* Internship */ = {
			isa = PBXGroup;
			children = (
				D19132902D0A09AF00AFCCAD /* InternshipCadence */,
				D19132912D0A09AF00AFCCAD /* InternshipCard.swift */,
				D19132922D0A09AF00AFCCAD /* InternshipEditView.swift */,
			);
			path = Internship;
			sourceTree = "<group>";
		};
		D19132962D0A09AF00AFCCAD /* Morder */ = {
			isa = PBXGroup;
			children = (
				D19132942D0A09AF00AFCCAD /* MorderCard.swift */,
				D19132952D0A09AF00AFCCAD /* MorderSearchView.swift */,
			);
			path = Morder;
			sourceTree = "<group>";
		};
		D191329B2D0A09AF00AFCCAD /* Position */ = {
			isa = PBXGroup;
			children = (
				D19132972D0A09AF00AFCCAD /* PositionCard.swift */,
				D19132982D0A09AF00AFCCAD /* PositionPicker.swift */,
				D19132992D0A09AF00AFCCAD /* PositionsArrayPicker.swift */,
				D191329A2D0A09AF00AFCCAD /* PositionsArrayView.swift */,
			);
			path = Position;
			sourceTree = "<group>";
		};
		D191329D2D0A09AF00AFCCAD /* Shift */ = {
			isa = PBXGroup;
			children = (
				D191329C2D0A09AF00AFCCAD /* ShiftCard.swift */,
			);
			path = Shift;
			sourceTree = "<group>";
		};
		D19132A22D0A09AF00AFCCAD /* Person */ = {
			isa = PBXGroup;
			children = (
				D191329B2D0A09AF00AFCCAD /* Position */,
				D191329D2D0A09AF00AFCCAD /* Shift */,
				D191329E2D0A09AF00AFCCAD /* PersonCard.swift */,
				D191329F2D0A09AF00AFCCAD /* PersonEditView.swift */,
				D19132A02D0A09AF00AFCCAD /* PersonFiltersView.swift */,
				D19132A12D0A09AF00AFCCAD /* PersonSearchView.swift */,
			);
			path = Person;
			sourceTree = "<group>";
		};
		D19132A92D0A09AF00AFCCAD /* Sectors */ = {
			isa = PBXGroup;
			children = (
				D19132A32D0A09AF00AFCCAD /* SectorCard.swift */,
				D19132A42D0A09AF00AFCCAD /* SectorPoolPicker.swift */,
				D19132A52D0A09AF00AFCCAD /* SectorsArrayPicker.swift */,
				D19132A62D0A09AF00AFCCAD /* SectorsArrayView.swift */,
				D19132A72D0A09AF00AFCCAD /* SectorsPoolCard.swift */,
				D19132A82D0A09AF00AFCCAD /* SectorsPoolSearchView.swift */,
			);
			path = Sectors;
			sourceTree = "<group>";
		};
		D19132AA2D0A09AF00AFCCAD /* Views */ = {
			isa = PBXGroup;
			children = (
				D191328D2D0A09AF00AFCCAD /* Calendar */,
				D19132932D0A09AF00AFCCAD /* Internship */,
				D19132962D0A09AF00AFCCAD /* Morder */,
				D19132A22D0A09AF00AFCCAD /* Person */,
				D19132A92D0A09AF00AFCCAD /* Sectors */,
			);
			path = Views;
			sourceTree = "<group>";
		};
		D19132AD2D0A09AF00AFCCAD /* WiiKit */ = {
			isa = PBXGroup;
			children = (
				D19132632D0A09AF00AFCCAD /* Extensions */,
				D19132842D0A09AF00AFCCAD /* Models */,
				D19132862D0A09AF00AFCCAD /* Modifiers */,
				D19132882D0A09AF00AFCCAD /* NetworkDrivers */,
				D19132AA2D0A09AF00AFCCAD /* Views */,
				D19132AB2D0A09AF00AFCCAD /* Global.swift */,
				D19132AC2D0A09AF00AFCCAD /* WiiKit.h */,
			);
			path = WiiKit;
			sourceTree = "<group>";
		};
		D19132B02D0A09AF00AFCCAD /* WiiKit */ = {
			isa = PBXGroup;
			children = (
				D19132AD2D0A09AF00AFCCAD /* WiiKit */,
				D19132AE2D0A09AF00AFCCAD /* WiiKit.xcassets */,
				D19132AF2D0A09AF00AFCCAD /* WiiKit.xcodeproj */,
			);
			name = WiiKit;
			path = ../../WiiKit;
			sourceTree = "<group>";
		};
		D19132B12D0A09AF00AFCCAD /* Products */ = {
			isa = PBXGroup;
			children = (
				D19132B52D0A09AF00AFCCAD /* WiiKit.framework */,
			);
			name = Products;
			sourceTree = "<group>";
		};
		D1D575AF2B55B16E0035478E /* Profile */ = {
			isa = PBXGroup;
			children = (
				D1D575B02B55B18D0035478E /* ProfileHost.swift */,
				D1D575B22B55B2080035478E /* ProfileSummary.swift */,
				D1D575B42B55B7B90035478E /* EventBadge.swift */,
				D1D575B62B56FEFE0035478E /* ProfileEditor.swift */,
			);
			path = Profile;
			sourceTree = "<group>";
		};
		D1D6F1632B585E2E007758E1 /* PageView */ = {
			isa = PBXGroup;
			children = (
				D1D6F1642B585EE7007758E1 /* PageViewController.swift */,
				D1D6F1662B59A4FD007758E1 /* PlanCard.swift */,
				D1D6F1682B59A8C9007758E1 /* PageView.swift */,
			);
			path = PageView;
			sourceTree = "<group>";
		};
		D1D8903F2CD2C61B0052710D /* WiiEventMac */ = {
			isa = PBXGroup;
			children = (
				D1D890442CD2C61C0052710D /* Assets.xcassets */,
				D1D890492CD2C61C0052710D /* WiiEventMac.entitlements */,
				D1D890542CD2C80A0052710D /* Views */,
				D1D890462CD2C61C0052710D /* Preview Content */,
			);
			path = WiiEventMac;
			sourceTree = "<group>";
		};
		D1D890462CD2C61C0052710D /* Preview Content */ = {
			isa = PBXGroup;
			children = (
				D1D890472CD2C61C0052710D /* Preview Assets.xcassets */,
			);
			path = "Preview Content";
			sourceTree = "<group>";
		};
		D1D890512CD2C7340052710D /* Frameworks */ = {
			isa = PBXGroup;
			children = (
				D19132B02D0A09AF00AFCCAD /* WiiKit */,
			);
			name = Frameworks;
			sourceTree = "<group>";
		};
		D1D890542CD2C80A0052710D /* Views */ = {
			isa = PBXGroup;
			children = (
				D10B63822D141AE700950934 /* Event */,
				D1D890552CD2C83D0052710D /* EventHome.swift */,
			);
			path = Views;
			sourceTree = "<group>";
		};
		D1DC71C22C443B1300D5725E /* History */ = {
			isa = PBXGroup;
			children = (
				D1DC71C32C443B3200D5725E /* History.swift */,
				D1DDB95A2C46EADA00549F69 /* HistoryModel.swift */,
			);
			path = History;
			sourceTree = "<group>";
		};
		D1DF9F5E2D070BFC004E2E96 /* Deal */ = {
			isa = PBXGroup;
			children = (
				D1DF9F622D0739B2004E2E96 /* DealModel.swift */,
				D1DF9F5F2D070C19004E2E96 /* Deal.swift */,
			);
			path = Deal;
			sourceTree = "<group>";
		};
		D1DFA1122D0EDA47004E2E96 /* WiiEventIOS */ = {
			isa = PBXGroup;
			children = (
				D1DFA1202D0EDADD004E2E96 /* Views */,
				D1DFA1172D0EDA48004E2E96 /* Assets.xcassets */,
				D1DFA1192D0EDA48004E2E96 /* Preview Content */,
			);
			path = WiiEventIOS;
			sourceTree = "<group>";
		};
		D1DFA1192D0EDA48004E2E96 /* Preview Content */ = {
			isa = PBXGroup;
			children = (
				D1DFA11A2D0EDA48004E2E96 /* Preview Assets.xcassets */,
			);
			path = "Preview Content";
			sourceTree = "<group>";
		};
		D1DFA11F2D0EDACF004E2E96 /* Event */ = {
			isa = PBXGroup;
			children = (
				D1FCA2852B1CFA0900E2DB42 /* EventHome.swift */,
			);
			path = Event;
			sourceTree = "<group>";
		};
		D1DFA1202D0EDADD004E2E96 /* Views */ = {
			isa = PBXGroup;
			children = (
				D1DFA11F2D0EDACF004E2E96 /* Event */,
			);
			path = Views;
			sourceTree = "<group>";
		};
		D1E9B36B2B4C5F5D0073768D /* Helper */ = {
			isa = PBXGroup;
			children = (
				D1C55A2D2C7E301A00AB75EC /* MapView.swift */,
				D1FCA2762B1CE54700E2DB42 /* CircleImage.swift */,
				D1E9B3692B4C5AB40073768D /* OptionalButton.swift */,
				D15D814D2B6970F8005E6D2B /* FiltersView.swift */,
			);
			path = Helper;
			sourceTree = "<group>";
		};
		D1E9B36C2B4C5F6F0073768D /* Event */ = {
			isa = PBXGroup;
			children = (
				D11CAA642CA5E32700403E82 /* PriceView.swift */,
				D10215E32CF90C140075631B /* DescriptionView.swift */,
				D11CAA612CA5D49D00403E82 /* JustificationView.swift */,
				D1FCA2832B1CF62900E2DB42 /* EventRow.swift */,
				D1A7306F2B383B49003A3A49 /* EventDetail.swift */,
				D17EEF6B2C90BD2C00E6E51B /* HistoryHelper */,
			);
			path = Event;
			sourceTree = "<group>";
		};
		D1FCA2802B1CF59400E2DB42 /* Views */ = {
			isa = PBXGroup;
			children = (
				D1387D6E2AFFB31600570446 /* ContentView.swift */,
				D10EEF302C3D7BD600E200F3 /* Subgroup */,
				D1D6F1632B585E2E007758E1 /* PageView */,
				D1D575AF2B55B16E0035478E /* Profile */,
				D1E9B36B2B4C5F5D0073768D /* Helper */,
				D1E9B36C2B4C5F6F0073768D /* Event */,
				D16B20B72B5061ED00B96160 /* Category */,
			);
			path = Views;
			sourceTree = "<group>";
		};
		D1FCA2812B1CF5A200E2DB42 /* Model */ = {
			isa = PBXGroup;
			children = (
				D1DF9F5E2D070BFC004E2E96 /* Deal */,
				D1DC71C22C443B1300D5725E /* History */,
				D10EEF242C3A19A400E200F3 /* Subgroup */,
				D10EEF222C3A16DC00E200F3 /* Event */,
				D1FCA27E2B1CF43B00E2DB42 /* ModelData.swift */,
				D1D575AD2B55A89C0035478E /* Profile.swift */,
				D15D81512B69826A005E6D2B /* Extentions.swift */,
			);
			path = Model;
			sourceTree = "<group>";
		};
		D1FCA2822B1CF5B500E2DB42 /* Resources */ = {
			isa = PBXGroup;
			children = (
				D1387D702AFFB31800570446 /* Assets.xcassets */,
			);
			path = Resources;
			sourceTree = "<group>";
		};
/* End PBXGroup section */

/* Begin PBXNativeTarget section */
		D1387D682AFFB31600570446 /* WiiEvent */ = {
			isa = PBXNativeTarget;
			buildConfigurationList = D1387D772AFFB31800570446 /* Build configuration list for PBXNativeTarget "WiiEvent" */;
			buildPhases = (
				D1387D652AFFB31600570446 /* Sources */,
				D1387D662AFFB31600570446 /* Frameworks */,
				D1387D672AFFB31600570446 /* Resources */,
				D1DF9FC42D09DA2D004E2E96 /* Embed Frameworks */,
			);
			buildRules = (
			);
			dependencies = (
			);
			name = WiiEvent;
			packageProductDependencies = (
				D1C55A2A2C7E2F0800AB75EC /* PostgresClientKit */,
			);
			productName = WiiPlanData;
			productReference = D1387D692AFFB31600570446 /* WiiEvent.app */;
			productType = "com.apple.product-type.application";
		};
		D1D8903D2CD2C61B0052710D /* WiiEventMac */ = {
			isa = PBXNativeTarget;
			buildConfigurationList = D1D8904C2CD2C61C0052710D /* Build configuration list for PBXNativeTarget "WiiEventMac" */;
			buildPhases = (
				D1D8903A2CD2C61B0052710D /* Sources */,
				D1D8903B2CD2C61B0052710D /* Frameworks */,
				D1D8903C2CD2C61B0052710D /* Resources */,
				D102160D2D0A00C40075631B /* Embed Frameworks */,
			);
			buildRules = (
			);
			dependencies = (
			);
			name = WiiEventMac;
			packageProductDependencies = (
				D1D890522CD2C7340052710D /* PostgresClientKit */,
			);
			productName = WiiEventMac;
			productReference = D1D8903E2CD2C61B0052710D /* WiiEventMac.app */;
			productType = "com.apple.product-type.application";
		};
		D1DFA1102D0EDA47004E2E96 /* WiiEventIOS */ = {
			isa = PBXNativeTarget;
			buildConfigurationList = D1DFA11C2D0EDA48004E2E96 /* Build configuration list for PBXNativeTarget "WiiEventIOS" */;
			buildPhases = (
				D1DFA10D2D0EDA47004E2E96 /* Sources */,
				D1DFA10E2D0EDA47004E2E96 /* Frameworks */,
				D1DFA10F2D0EDA47004E2E96 /* Resources */,
				D1DFA1262D0EDB3F004E2E96 /* Embed Frameworks */,
			);
			buildRules = (
			);
			dependencies = (
			);
			name = WiiEventIOS;
			packageProductDependencies = (
				D1DFA1222D0EDB33004E2E96 /* PostgresClientKit */,
			);
			productName = WiiEventIOS;
			productReference = D1DFA1112D0EDA47004E2E96 /* WiiEventIOS.app */;
			productType = "com.apple.product-type.application";
		};
/* End PBXNativeTarget section */

/* Begin PBXProject section */
		D1387D612AFFB31600570446 /* Project object */ = {
			isa = PBXProject;
			attributes = {
				BuildIndependentTargetsInParallel = 1;
				LastSwiftUpdateCheck = 1600;
				LastUpgradeCheck = 1600;
				TargetAttributes = {
					D1387D682AFFB31600570446 = {
						CreatedOnToolsVersion = 15.0.1;
					};
					D1D8903D2CD2C61B0052710D = {
						CreatedOnToolsVersion = 16.0;
					};
					D1DFA1102D0EDA47004E2E96 = {
						CreatedOnToolsVersion = 16.0;
					};
				};
			};
			buildConfigurationList = D1387D642AFFB31600570446 /* Build configuration list for PBXProject "WiiEvent" */;
			compatibilityVersion = "Xcode 14.0";
			developmentRegion = en;
			hasScannedForEncodings = 0;
			knownRegions = (
				en,
				Base,
			);
			mainGroup = D1387D602AFFB31600570446;
			packageReferences = (
				D1C55A292C7E2F0800AB75EC /* XCRemoteSwiftPackageReference "PostgresClientKit" */,
			);
			productRefGroup = D1387D6A2AFFB31600570446 /* Products */;
			projectDirPath = "";
			projectReferences = (
				{
					ProductGroup = D19132B12D0A09AF00AFCCAD /* Products */;
					ProjectRef = D19132AF2D0A09AF00AFCCAD /* WiiKit.xcodeproj */;
				},
			);
			projectRoot = "";
			targets = (
				D1387D682AFFB31600570446 /* WiiEvent */,
				D1D8903D2CD2C61B0052710D /* WiiEventMac */,
				D1DFA1102D0EDA47004E2E96 /* WiiEventIOS */,
			);
		};
/* End PBXProject section */

/* Begin PBXReferenceProxy section */
		D19132B52D0A09AF00AFCCAD /* WiiKit.framework */ = {
			isa = PBXReferenceProxy;
			fileType = wrapper.framework;
			path = WiiKit.framework;
			remoteRef = D19132B42D0A09AF00AFCCAD /* PBXContainerItemProxy */;
			sourceTree = BUILT_PRODUCTS_DIR;
		};
/* End PBXReferenceProxy section */

/* Begin PBXResourcesBuildPhase section */
		D1387D672AFFB31600570446 /* Resources */ = {
			isa = PBXResourcesBuildPhase;
			buildActionMask = 2147483647;
			files = (
				D1387D712AFFB31800570446 /* Assets.xcassets in Resources */,
			);
			runOnlyForDeploymentPostprocessing = 0;
		};
		D1D8903C2CD2C61B0052710D /* Resources */ = {
			isa = PBXResourcesBuildPhase;
			buildActionMask = 2147483647;
			files = (
				D1D890482CD2C61C0052710D /* Preview Assets.xcassets in Resources */,
				D1D8905D2CD2CB720052710D /* Assets.xcassets in Resources */,
				D1D890452CD2C61C0052710D /* Assets.xcassets in Resources */,
			);
			runOnlyForDeploymentPostprocessing = 0;
		};
		D1DFA10F2D0EDA47004E2E96 /* Resources */ = {
			isa = PBXResourcesBuildPhase;
			buildActionMask = 2147483647;
			files = (
				D1DFA11B2D0EDA48004E2E96 /* Preview Assets.xcassets in Resources */,
				D1DFA1362D0EDD3C004E2E96 /* Assets.xcassets in Resources */,
				D1DFA1182D0EDA48004E2E96 /* Assets.xcassets in Resources */,
			);
			runOnlyForDeploymentPostprocessing = 0;
		};
/* End PBXResourcesBuildPhase section */

/* Begin PBXSourcesBuildPhase section */
		D1387D652AFFB31600570446 /* Sources */ = {
			isa = PBXSourcesBuildPhase;
			buildActionMask = 2147483647;
			files = (
				D1D575AE2B55A89C0035478E /* Profile.swift in Sources */,
				D10EEF2F2C3D78A300E200F3 /* SubgroupHomeView.swift in Sources */,
				D1387D6F2AFFB31600570446 /* ContentView.swift in Sources */,
				D1FCA2842B1CF62900E2DB42 /* EventRow.swift in Sources */,
				D1DDB95B2C46EADA00549F69 /* HistoryModel.swift in Sources */,
				D17EEF6D2C9205E100E6E51B /* HistoryAddSheet.swift in Sources */,
				D1E9B36E2B4DC9960073768D /* CategoryHome.swift in Sources */,
				D1D575B72B56FEFE0035478E /* ProfileEditor.swift in Sources */,
				D1C8B3C72D0F606500DCC1B9 /* EventHome.swift in Sources */,
				D1DF9F602D070C1C004E2E96 /* Deal.swift in Sources */,
				D10274882B4F0BD500DEBBAB /* CategoryRow.swift in Sources */,
				D1D575B52B55B7B90035478E /* EventBadge.swift in Sources */,
				D1E9B36A2B4C5AB40073768D /* OptionalButton.swift in Sources */,
				D1D6F1672B59A4FD007758E1 /* PlanCard.swift in Sources */,
				D11CAA622CA5D49D00403E82 /* JustificationView.swift in Sources */,
				D10EEF4C2C3F1F2900E200F3 /* SubgroupItemView.swift in Sources */,
				D1D6F1652B585EE8007758E1 /* PageViewController.swift in Sources */,
				D11582502C8A286D00E96DB1 /* HistoryEditSheet.swift in Sources */,
				D11CAA652CA5E32700403E82 /* PriceView.swift in Sources */,
				D1DF9F632D0739B8004E2E96 /* DealModel.swift in Sources */,
				D10215E42CF90C140075631B /* DescriptionView.swift in Sources */,
				D1DC71C92C445CE300D5725E /* HistoryDetailVIew.swift in Sources */,
				D15D814E2B6970F8005E6D2B /* FiltersView.swift in Sources */,
				D1387D6D2AFFB31600570446 /* WiiEventApp.swift in Sources */,
				D1D575B12B55B18D0035478E /* ProfileHost.swift in Sources */,
				D1D575B32B55B2080035478E /* ProfileSummary.swift in Sources */,
				D1FCA2772B1CE54700E2DB42 /* CircleImage.swift in Sources */,
				D1DC71C42C443B3200D5725E /* History.swift in Sources */,
				D1C55A2E2C7E301A00AB75EC /* MapView.swift in Sources */,
				D1A730702B383B49003A3A49 /* EventDetail.swift in Sources */,
				D1D6F1692B59A8C9007758E1 /* PageView.swift in Sources */,
				D16B20B92B50621E00B96160 /* CategoryItem.swift in Sources */,
				D15D81522B69826A005E6D2B /* Extentions.swift in Sources */,
				D10EEF4E2C3F21F700E200F3 /* SubgroupEventListView.swift in Sources */,
				D1FCA27F2B1CF43B00E2DB42 /* ModelData.swift in Sources */,
			);
			runOnlyForDeploymentPostprocessing = 0;
		};
		D1D8903A2CD2C61B0052710D /* Sources */ = {
			isa = PBXSourcesBuildPhase;
			buildActionMask = 2147483647;
			files = (
				D1D890572CD2CB070052710D /* WiiEventApp.swift in Sources */,
				D1DFA1472D0EE2C9004E2E96 /* EventDetail.swift in Sources */,
				D1D8905A2CD2CB520052710D /* Profile.swift in Sources */,
				D1DFA14C2D0EE327004E2E96 /* HistoryDetailVIew.swift in Sources */,
				D1D8905B2CD2CB520052710D /* ModelData.swift in Sources */,
				D1DFA14B2D0EE31E004E2E96 /* PriceView.swift in Sources */,
				D1D8905E2CD2CBA40052710D /* FiltersView.swift in Sources */,
				D1DFA14A2D0EE2F8004E2E96 /* DescriptionView.swift in Sources */,
				D1D8905C2CD2CB520052710D /* Extentions.swift in Sources */,
				D1DF9F642D0739B8004E2E96 /* DealModel.swift in Sources */,
				D1DFA15D2D0EE3C2004E2E96 /* EventBadge.swift in Sources */,
				D1DFA15E2D0EE3C2004E2E96 /* ProfileEditor.swift in Sources */,
				D1DFA15F2D0EE3C2004E2E96 /* ProfileSummary.swift in Sources */,
				D1DFA1652D0EE3DE004E2E96 /* EventRow.swift in Sources */,
				D1D890582CD2CB300052710D /* HistoryModel.swift in Sources */,
				D1D890592CD2CB300052710D /* History.swift in Sources */,
				D1D8904D2CD2C6540052710D /* ContentView.swift in Sources */,
				D1D890562CD2C83D0052710D /* EventHome.swift in Sources */,
				D1DFA14D2D0EE33C004E2E96 /* HistoryEditSheet.swift in Sources */,
				D1DFA14E2D0EE33C004E2E96 /* HistoryAddSheet.swift in Sources */,
				D1DFA14F2D0EE353004E2E96 /* MapView.swift in Sources */,
				D1DFA1502D0EE353004E2E96 /* OptionalButton.swift in Sources */,
				D1DFA1492D0EE2F3004E2E96 /* JustificationView.swift in Sources */,
				D1DFA1482D0EE2E5004E2E96 /* CircleImage.swift in Sources */,
				D1DF9F612D070C1C004E2E96 /* Deal.swift in Sources */,
			);
			runOnlyForDeploymentPostprocessing = 0;
		};
		D1DFA10D2D0EDA47004E2E96 /* Sources */ = {
			isa = PBXSourcesBuildPhase;
			buildActionMask = 2147483647;
			files = (
				D1DFA1442D0EE082004E2E96 /* HistoryAddSheet.swift in Sources */,
				D1DFA1542D0EE39F004E2E96 /* PageViewController.swift in Sources */,
				D1DFA1552D0EE39F004E2E96 /* PlanCard.swift in Sources */,
				D1DFA1562D0EE39F004E2E96 /* PageView.swift in Sources */,
				D1DFA1452D0EE082004E2E96 /* HistoryEditSheet.swift in Sources */,
				D1DFA1462D0EE082004E2E96 /* HistoryDetailVIew.swift in Sources */,
				D1DFA12B2D0EDCE5004E2E96 /* History.swift in Sources */,
				D1DFA1272D0EDC1F004E2E96 /* WiiEventApp.swift in Sources */,
				D1DFA1342D0EDD17004E2E96 /* Profile.swift in Sources */,
				D1DFA15A2D0EE3A8004E2E96 /* SubgroupHomeView.swift in Sources */,
				D1DFA15B2D0EE3A8004E2E96 /* SubgroupEventListView.swift in Sources */,
				D1DFA15C2D0EE3A8004E2E96 /* SubgroupItemView.swift in Sources */,
				D1DFA1412D0EE06B004E2E96 /* PriceView.swift in Sources */,
				D1DFA1422D0EE06B004E2E96 /* DescriptionView.swift in Sources */,
				D1DFA1432D0EE06B004E2E96 /* JustificationView.swift in Sources */,
				D1DFA13C2D0EE038004E2E96 /* EventDetail.swift in Sources */,
				D1DFA13E2D0EE055004E2E96 /* CircleImage.swift in Sources */,
				D1DFA13F2D0EE055004E2E96 /* MapView.swift in Sources */,
				D1DFA1402D0EE055004E2E96 /* OptionalButton.swift in Sources */,
				D1DFA13D2D0EE038004E2E96 /* EventRow.swift in Sources */,
				D1DFA13B2D0EE027004E2E96 /* FiltersView.swift in Sources */,
				D1DFA1292D0EDCD5004E2E96 /* DealModel.swift in Sources */,
				D1DFA1352D0EDD1C004E2E96 /* Extentions.swift in Sources */,
				D1DFA1332D0EDD12004E2E96 /* ModelData.swift in Sources */,
				D1DFA12A2D0EDCDC004E2E96 /* Deal.swift in Sources */,
				D1DFA1212D0EDB13004E2E96 /* EventHome.swift in Sources */,
				D1DFA1612D0EE3C2004E2E96 /* ProfileEditor.swift in Sources */,
				D1DFA1622D0EE3C2004E2E96 /* EventBadge.swift in Sources */,
				D1DFA1632D0EE3C2004E2E96 /* ProfileSummary.swift in Sources */,
				D1DFA1642D0EE3C2004E2E96 /* ProfileHost.swift in Sources */,
				D1DFA12C2D0EDCED004E2E96 /* HistoryModel.swift in Sources */,
				D1DFA1282D0EDC29004E2E96 /* ContentView.swift in Sources */,
			);
			runOnlyForDeploymentPostprocessing = 0;
		};
/* End PBXSourcesBuildPhase section */

/* Begin XCBuildConfiguration section */
		D1387D752AFFB31800570446 /* Debug */ = {
			isa = XCBuildConfiguration;
			buildSettings = {
				ALWAYS_SEARCH_USER_PATHS = NO;
				ASSETCATALOG_COMPILER_GENERATE_SWIFT_ASSET_SYMBOL_EXTENSIONS = YES;
				CLANG_ANALYZER_NONNULL = YES;
				CLANG_ANALYZER_NUMBER_OBJECT_CONVERSION = YES_AGGRESSIVE;
				CLANG_CXX_LANGUAGE_STANDARD = "gnu++20";
				CLANG_ENABLE_MODULES = YES;
				CLANG_ENABLE_OBJC_ARC = YES;
				CLANG_ENABLE_OBJC_WEAK = YES;
				CLANG_WARN_BLOCK_CAPTURE_AUTORELEASING = YES;
				CLANG_WARN_BOOL_CONVERSION = YES;
				CLANG_WARN_COMMA = YES;
				CLANG_WARN_CONSTANT_CONVERSION = YES;
				CLANG_WARN_DEPRECATED_OBJC_IMPLEMENTATIONS = YES;
				CLANG_WARN_DIRECT_OBJC_ISA_USAGE = YES_ERROR;
				CLANG_WARN_DOCUMENTATION_COMMENTS = YES;
				CLANG_WARN_EMPTY_BODY = YES;
				CLANG_WARN_ENUM_CONVERSION = YES;
				CLANG_WARN_INFINITE_RECURSION = YES;
				CLANG_WARN_INT_CONVERSION = YES;
				CLANG_WARN_NON_LITERAL_NULL_CONVERSION = YES;
				CLANG_WARN_OBJC_IMPLICIT_RETAIN_SELF = YES;
				CLANG_WARN_OBJC_LITERAL_CONVERSION = YES;
				CLANG_WARN_OBJC_ROOT_CLASS = YES_ERROR;
				CLANG_WARN_QUOTED_INCLUDE_IN_FRAMEWORK_HEADER = YES;
				CLANG_WARN_RANGE_LOOP_ANALYSIS = YES;
				CLANG_WARN_STRICT_PROTOTYPES = YES;
				CLANG_WARN_SUSPICIOUS_MOVE = YES;
				CLANG_WARN_UNGUARDED_AVAILABILITY = YES_AGGRESSIVE;
				CLANG_WARN_UNREACHABLE_CODE = YES;
				CLANG_WARN__DUPLICATE_METHOD_MATCH = YES;
				COPY_PHASE_STRIP = NO;
				DEBUG_INFORMATION_FORMAT = dwarf;
				ENABLE_STRICT_OBJC_MSGSEND = YES;
				ENABLE_TESTABILITY = YES;
				ENABLE_USER_SCRIPT_SANDBOXING = YES;
				GCC_C_LANGUAGE_STANDARD = gnu17;
				GCC_DYNAMIC_NO_PIC = NO;
				GCC_NO_COMMON_BLOCKS = YES;
				GCC_OPTIMIZATION_LEVEL = 0;
				GCC_PREPROCESSOR_DEFINITIONS = (
					"DEBUG=1",
					"$(inherited)",
				);
				GCC_WARN_64_TO_32_BIT_CONVERSION = YES;
				GCC_WARN_ABOUT_RETURN_TYPE = YES_ERROR;
				GCC_WARN_UNDECLARED_SELECTOR = YES;
				GCC_WARN_UNINITIALIZED_AUTOS = YES_AGGRESSIVE;
				GCC_WARN_UNUSED_FUNCTION = YES;
				GCC_WARN_UNUSED_VARIABLE = YES;
				IPHONEOS_DEPLOYMENT_TARGET = 17.0;
				LOCALIZATION_PREFERS_STRING_CATALOGS = YES;
				MTL_ENABLE_DEBUG_INFO = INCLUDE_SOURCE;
				MTL_FAST_MATH = YES;
				ONLY_ACTIVE_ARCH = YES;
				SDKROOT = iphoneos;
				SWIFT_ACTIVE_COMPILATION_CONDITIONS = "DEBUG $(inherited)";
				SWIFT_OPTIMIZATION_LEVEL = "-Onone";
			};
			name = Debug;
		};
		D1387D762AFFB31800570446 /* Release */ = {
			isa = XCBuildConfiguration;
			buildSettings = {
				ALWAYS_SEARCH_USER_PATHS = NO;
				ASSETCATALOG_COMPILER_GENERATE_SWIFT_ASSET_SYMBOL_EXTENSIONS = YES;
				CLANG_ANALYZER_NONNULL = YES;
				CLANG_ANALYZER_NUMBER_OBJECT_CONVERSION = YES_AGGRESSIVE;
				CLANG_CXX_LANGUAGE_STANDARD = "gnu++20";
				CLANG_ENABLE_MODULES = YES;
				CLANG_ENABLE_OBJC_ARC = YES;
				CLANG_ENABLE_OBJC_WEAK = YES;
				CLANG_WARN_BLOCK_CAPTURE_AUTORELEASING = YES;
				CLANG_WARN_BOOL_CONVERSION = YES;
				CLANG_WARN_COMMA = YES;
				CLANG_WARN_CONSTANT_CONVERSION = YES;
				CLANG_WARN_DEPRECATED_OBJC_IMPLEMENTATIONS = YES;
				CLANG_WARN_DIRECT_OBJC_ISA_USAGE = YES_ERROR;
				CLANG_WARN_DOCUMENTATION_COMMENTS = YES;
				CLANG_WARN_EMPTY_BODY = YES;
				CLANG_WARN_ENUM_CONVERSION = YES;
				CLANG_WARN_INFINITE_RECURSION = YES;
				CLANG_WARN_INT_CONVERSION = YES;
				CLANG_WARN_NON_LITERAL_NULL_CONVERSION = YES;
				CLANG_WARN_OBJC_IMPLICIT_RETAIN_SELF = YES;
				CLANG_WARN_OBJC_LITERAL_CONVERSION = YES;
				CLANG_WARN_OBJC_ROOT_CLASS = YES_ERROR;
				CLANG_WARN_QUOTED_INCLUDE_IN_FRAMEWORK_HEADER = YES;
				CLANG_WARN_RANGE_LOOP_ANALYSIS = YES;
				CLANG_WARN_STRICT_PROTOTYPES = YES;
				CLANG_WARN_SUSPICIOUS_MOVE = YES;
				CLANG_WARN_UNGUARDED_AVAILABILITY = YES_AGGRESSIVE;
				CLANG_WARN_UNREACHABLE_CODE = YES;
				CLANG_WARN__DUPLICATE_METHOD_MATCH = YES;
				COPY_PHASE_STRIP = NO;
				DEBUG_INFORMATION_FORMAT = "dwarf-with-dsym";
				ENABLE_NS_ASSERTIONS = NO;
				ENABLE_STRICT_OBJC_MSGSEND = YES;
				ENABLE_USER_SCRIPT_SANDBOXING = YES;
				GCC_C_LANGUAGE_STANDARD = gnu17;
				GCC_NO_COMMON_BLOCKS = YES;
				GCC_WARN_64_TO_32_BIT_CONVERSION = YES;
				GCC_WARN_ABOUT_RETURN_TYPE = YES_ERROR;
				GCC_WARN_UNDECLARED_SELECTOR = YES;
				GCC_WARN_UNINITIALIZED_AUTOS = YES_AGGRESSIVE;
				GCC_WARN_UNUSED_FUNCTION = YES;
				GCC_WARN_UNUSED_VARIABLE = YES;
				IPHONEOS_DEPLOYMENT_TARGET = 17.0;
				LOCALIZATION_PREFERS_STRING_CATALOGS = YES;
				MTL_ENABLE_DEBUG_INFO = NO;
				MTL_FAST_MATH = YES;
				SDKROOT = iphoneos;
				SWIFT_COMPILATION_MODE = wholemodule;
				VALIDATE_PRODUCT = YES;
			};
			name = Release;
		};
		D1387D782AFFB31800570446 /* Debug */ = {
			isa = XCBuildConfiguration;
			buildSettings = {
				ASSETCATALOG_COMPILER_APPICON_NAME = AppIcon;
				ASSETCATALOG_COMPILER_GLOBAL_ACCENT_COLOR_NAME = AccentColor;
				CODE_SIGN_STYLE = Automatic;
				CURRENT_PROJECT_VERSION = 1;
				DEVELOPMENT_ASSET_PATHS = "";
				DEVELOPMENT_TEAM = 8GMTTB5285;
				ENABLE_PREVIEWS = YES;
				GENERATE_INFOPLIST_FILE = YES;
				INFOPLIST_KEY_CFBundleDisplayName = "Планы мероприятий";
				INFOPLIST_KEY_UIApplicationSceneManifest_Generation = YES;
				INFOPLIST_KEY_UIApplicationSupportsIndirectInputEvents = YES;
				INFOPLIST_KEY_UILaunchScreen_Generation = YES;
				INFOPLIST_KEY_UISupportedInterfaceOrientations_iPad = "UIInterfaceOrientationPortrait UIInterfaceOrientationPortraitUpsideDown UIInterfaceOrientationLandscapeLeft UIInterfaceOrientationLandscapeRight";
				INFOPLIST_KEY_UISupportedInterfaceOrientations_iPhone = "UIInterfaceOrientationPortrait UIInterfaceOrientationLandscapeLeft UIInterfaceOrientationLandscapeRight";
				IPHONEOS_DEPLOYMENT_TARGET = 18.0;
				LD_RUNPATH_SEARCH_PATHS = (
					"$(inherited)",
					"@executable_path/Frameworks",
				);
				MARKETING_VERSION = 1.0;
				PRODUCT_BUNDLE_IDENTIFIER = ru.wiipuri.WiiEvent;
				PRODUCT_NAME = "$(TARGET_NAME)";
				SUPPORTED_PLATFORMS = "iphoneos iphonesimulator";
				SUPPORTS_MACCATALYST = NO;
				SUPPORTS_MAC_DESIGNED_FOR_IPHONE_IPAD = NO;
				SUPPORTS_XR_DESIGNED_FOR_IPHONE_IPAD = NO;
				SWIFT_EMIT_LOC_STRINGS = YES;
				SWIFT_VERSION = 5.0;
				TARGETED_DEVICE_FAMILY = 1;
			};
			name = Debug;
		};
		D1387D792AFFB31800570446 /* Release */ = {
			isa = XCBuildConfiguration;
			buildSettings = {
				ASSETCATALOG_COMPILER_APPICON_NAME = AppIcon;
				ASSETCATALOG_COMPILER_GLOBAL_ACCENT_COLOR_NAME = AccentColor;
				CODE_SIGN_STYLE = Automatic;
				CURRENT_PROJECT_VERSION = 1;
				DEVELOPMENT_ASSET_PATHS = "";
				DEVELOPMENT_TEAM = 8GMTTB5285;
				ENABLE_PREVIEWS = YES;
				GENERATE_INFOPLIST_FILE = YES;
				INFOPLIST_KEY_CFBundleDisplayName = "Планы мероприятий";
				INFOPLIST_KEY_UIApplicationSceneManifest_Generation = YES;
				INFOPLIST_KEY_UIApplicationSupportsIndirectInputEvents = YES;
				INFOPLIST_KEY_UILaunchScreen_Generation = YES;
				INFOPLIST_KEY_UISupportedInterfaceOrientations_iPad = "UIInterfaceOrientationPortrait UIInterfaceOrientationPortraitUpsideDown UIInterfaceOrientationLandscapeLeft UIInterfaceOrientationLandscapeRight";
				INFOPLIST_KEY_UISupportedInterfaceOrientations_iPhone = "UIInterfaceOrientationPortrait UIInterfaceOrientationLandscapeLeft UIInterfaceOrientationLandscapeRight";
				IPHONEOS_DEPLOYMENT_TARGET = 18.0;
				LD_RUNPATH_SEARCH_PATHS = (
					"$(inherited)",
					"@executable_path/Frameworks",
				);
				MARKETING_VERSION = 1.0;
				PRODUCT_BUNDLE_IDENTIFIER = ru.wiipuri.WiiEvent;
				PRODUCT_NAME = "$(TARGET_NAME)";
				SUPPORTED_PLATFORMS = "iphoneos iphonesimulator";
				SUPPORTS_MACCATALYST = NO;
				SUPPORTS_MAC_DESIGNED_FOR_IPHONE_IPAD = NO;
				SUPPORTS_XR_DESIGNED_FOR_IPHONE_IPAD = NO;
				SWIFT_EMIT_LOC_STRINGS = YES;
				SWIFT_VERSION = 5.0;
				TARGETED_DEVICE_FAMILY = 1;
			};
			name = Release;
		};
		D1D8904A2CD2C61C0052710D /* Debug */ = {
			isa = XCBuildConfiguration;
			buildSettings = {
				ASSETCATALOG_COMPILER_APPICON_NAME = AppIcon;
				ASSETCATALOG_COMPILER_GLOBAL_ACCENT_COLOR_NAME = AccentColor;
				CODE_SIGN_ENTITLEMENTS = WiiEventMac/WiiEventMac.entitlements;
				CODE_SIGN_STYLE = Automatic;
				COMBINE_HIDPI_IMAGES = YES;
				CURRENT_PROJECT_VERSION = 1;
				DEAD_CODE_STRIPPING = YES;
				DEVELOPMENT_ASSET_PATHS = "\"WiiEventMac/Preview Content\"";
				DEVELOPMENT_TEAM = 8GMTTB5285;
				ENABLE_HARDENED_RUNTIME = YES;
				ENABLE_PREVIEWS = YES;
				GENERATE_INFOPLIST_FILE = YES;
				INFOPLIST_KEY_CFBundleDisplayName = "План мероприятий";
				INFOPLIST_KEY_NSHumanReadableCopyright = "";
				INFOPLIST_KEY_UISupportedInterfaceOrientations_iPad = "UIInterfaceOrientationLandscapeLeft UIInterfaceOrientationLandscapeRight";
				IPHONEOS_DEPLOYMENT_TARGET = 18.0;
				LD_RUNPATH_SEARCH_PATHS = (
					"$(inherited)",
					"@executable_path/../Frameworks",
				);
				MACOSX_DEPLOYMENT_TARGET = 15.0;
				MARKETING_VERSION = 1.0;
				PRODUCT_BUNDLE_IDENTIFIER = ru.tercas.WiiEventMac;
				PRODUCT_NAME = "$(TARGET_NAME)";
				SDKROOT = macosx;
				SUPPORTED_PLATFORMS = "iphoneos iphonesimulator macosx";
				SUPPORTS_MACCATALYST = NO;
				SWIFT_EMIT_LOC_STRINGS = YES;
				SWIFT_VERSION = 5.0;
				TARGETED_DEVICE_FAMILY = 2;
			};
			name = Debug;
		};
		D1D8904B2CD2C61C0052710D /* Release */ = {
			isa = XCBuildConfiguration;
			buildSettings = {
				ASSETCATALOG_COMPILER_APPICON_NAME = AppIcon;
				ASSETCATALOG_COMPILER_GLOBAL_ACCENT_COLOR_NAME = AccentColor;
				CODE_SIGN_ENTITLEMENTS = WiiEventMac/WiiEventMac.entitlements;
				CODE_SIGN_STYLE = Automatic;
				COMBINE_HIDPI_IMAGES = YES;
				CURRENT_PROJECT_VERSION = 1;
				DEAD_CODE_STRIPPING = YES;
				DEVELOPMENT_ASSET_PATHS = "\"WiiEventMac/Preview Content\"";
				DEVELOPMENT_TEAM = 8GMTTB5285;
				ENABLE_HARDENED_RUNTIME = YES;
				ENABLE_PREVIEWS = YES;
				GENERATE_INFOPLIST_FILE = YES;
				INFOPLIST_KEY_CFBundleDisplayName = "План мероприятий";
				INFOPLIST_KEY_NSHumanReadableCopyright = "";
				INFOPLIST_KEY_UISupportedInterfaceOrientations_iPad = "UIInterfaceOrientationLandscapeLeft UIInterfaceOrientationLandscapeRight";
				IPHONEOS_DEPLOYMENT_TARGET = 18.0;
				LD_RUNPATH_SEARCH_PATHS = (
					"$(inherited)",
					"@executable_path/../Frameworks",
				);
				MACOSX_DEPLOYMENT_TARGET = 15.0;
				MARKETING_VERSION = 1.0;
				PRODUCT_BUNDLE_IDENTIFIER = ru.tercas.WiiEventMac;
				PRODUCT_NAME = "$(TARGET_NAME)";
				SDKROOT = macosx;
				SUPPORTED_PLATFORMS = "iphoneos iphonesimulator macosx";
				SUPPORTS_MACCATALYST = NO;
				SWIFT_EMIT_LOC_STRINGS = YES;
				SWIFT_VERSION = 5.0;
				TARGETED_DEVICE_FAMILY = 2;
			};
			name = Release;
		};
		D1DFA11D2D0EDA48004E2E96 /* Debug */ = {
			isa = XCBuildConfiguration;
			buildSettings = {
				ASSETCATALOG_COMPILER_APPICON_NAME = AppIcon;
				ASSETCATALOG_COMPILER_GLOBAL_ACCENT_COLOR_NAME = AccentColor;
				ASSETCATALOG_COMPILER_INCLUDE_ALL_APPICON_ASSETS = NO;
				CODE_SIGN_STYLE = Automatic;
				CURRENT_PROJECT_VERSION = 1;
				DEVELOPMENT_ASSET_PATHS = "WiiEventIOS/Preview\\ Content WiiEvent/Resources/Assets.xcassets";
				DEVELOPMENT_TEAM = 8GMTTB5285;
				ENABLE_PREVIEWS = YES;
				GENERATE_INFOPLIST_FILE = YES;
				INFOPLIST_KEY_UIApplicationSceneManifest_Generation = YES;
				INFOPLIST_KEY_UIApplicationSupportsIndirectInputEvents = YES;
				INFOPLIST_KEY_UILaunchScreen_Generation = YES;
				INFOPLIST_KEY_UISupportedInterfaceOrientations = UIInterfaceOrientationPortrait;
				INFOPLIST_KEY_UISupportedInterfaceOrientations_iPad = "UIInterfaceOrientationLandscapeLeft UIInterfaceOrientationLandscapeRight UIInterfaceOrientationPortrait UIInterfaceOrientationPortraitUpsideDown";
				IPHONEOS_DEPLOYMENT_TARGET = 18.0;
				LD_RUNPATH_SEARCH_PATHS = (
					"$(inherited)",
					"@executable_path/Frameworks",
				);
				MARKETING_VERSION = 1.0;
				PRODUCT_BUNDLE_IDENTIFIER = org.wiipuri.WiiEventIOS;
				PRODUCT_NAME = "$(TARGET_NAME)";
				SUPPORTED_PLATFORMS = "iphoneos iphonesimulator";
				SUPPORTS_MACCATALYST = NO;
				SUPPORTS_MAC_DESIGNED_FOR_IPHONE_IPAD = NO;
				SUPPORTS_XR_DESIGNED_FOR_IPHONE_IPAD = NO;
				SWIFT_EMIT_LOC_STRINGS = YES;
				SWIFT_VERSION = 5.0;
				TARGETED_DEVICE_FAMILY = 1;
			};
			name = Debug;
		};
		D1DFA11E2D0EDA48004E2E96 /* Release */ = {
			isa = XCBuildConfiguration;
			buildSettings = {
				ASSETCATALOG_COMPILER_APPICON_NAME = AppIcon;
				ASSETCATALOG_COMPILER_GLOBAL_ACCENT_COLOR_NAME = AccentColor;
				ASSETCATALOG_COMPILER_INCLUDE_ALL_APPICON_ASSETS = NO;
				CODE_SIGN_STYLE = Automatic;
				CURRENT_PROJECT_VERSION = 1;
				DEVELOPMENT_ASSET_PATHS = "WiiEventIOS/Preview\\ Content WiiEvent/Resources/Assets.xcassets";
				DEVELOPMENT_TEAM = 8GMTTB5285;
				ENABLE_PREVIEWS = YES;
				GENERATE_INFOPLIST_FILE = YES;
				INFOPLIST_KEY_UIApplicationSceneManifest_Generation = YES;
				INFOPLIST_KEY_UIApplicationSupportsIndirectInputEvents = YES;
				INFOPLIST_KEY_UILaunchScreen_Generation = YES;
				INFOPLIST_KEY_UISupportedInterfaceOrientations = UIInterfaceOrientationPortrait;
				INFOPLIST_KEY_UISupportedInterfaceOrientations_iPad = "UIInterfaceOrientationLandscapeLeft UIInterfaceOrientationLandscapeRight UIInterfaceOrientationPortrait UIInterfaceOrientationPortraitUpsideDown";
				IPHONEOS_DEPLOYMENT_TARGET = 18.0;
				LD_RUNPATH_SEARCH_PATHS = (
					"$(inherited)",
					"@executable_path/Frameworks",
				);
				MARKETING_VERSION = 1.0;
				PRODUCT_BUNDLE_IDENTIFIER = org.wiipuri.WiiEventIOS;
				PRODUCT_NAME = "$(TARGET_NAME)";
				SUPPORTED_PLATFORMS = "iphoneos iphonesimulator";
				SUPPORTS_MACCATALYST = NO;
				SUPPORTS_MAC_DESIGNED_FOR_IPHONE_IPAD = NO;
				SUPPORTS_XR_DESIGNED_FOR_IPHONE_IPAD = NO;
				SWIFT_EMIT_LOC_STRINGS = YES;
				SWIFT_VERSION = 5.0;
				TARGETED_DEVICE_FAMILY = 1;
			};
			name = Release;
		};
/* End XCBuildConfiguration section */

/* Begin XCConfigurationList section */
		D1387D642AFFB31600570446 /* Build configuration list for PBXProject "WiiEvent" */ = {
			isa = XCConfigurationList;
			buildConfigurations = (
				D1387D752AFFB31800570446 /* Debug */,
				D1387D762AFFB31800570446 /* Release */,
			);
			defaultConfigurationIsVisible = 0;
			defaultConfigurationName = Release;
		};
		D1387D772AFFB31800570446 /* Build configuration list for PBXNativeTarget "WiiEvent" */ = {
			isa = XCConfigurationList;
			buildConfigurations = (
				D1387D782AFFB31800570446 /* Debug */,
				D1387D792AFFB31800570446 /* Release */,
			);
			defaultConfigurationIsVisible = 0;
			defaultConfigurationName = Release;
		};
		D1D8904C2CD2C61C0052710D /* Build configuration list for PBXNativeTarget "WiiEventMac" */ = {
			isa = XCConfigurationList;
			buildConfigurations = (
				D1D8904A2CD2C61C0052710D /* Debug */,
				D1D8904B2CD2C61C0052710D /* Release */,
			);
			defaultConfigurationIsVisible = 0;
			defaultConfigurationName = Release;
		};
		D1DFA11C2D0EDA48004E2E96 /* Build configuration list for PBXNativeTarget "WiiEventIOS" */ = {
			isa = XCConfigurationList;
			buildConfigurations = (
				D1DFA11D2D0EDA48004E2E96 /* Debug */,
				D1DFA11E2D0EDA48004E2E96 /* Release */,
			);
			defaultConfigurationIsVisible = 0;
			defaultConfigurationName = Release;
		};
/* End XCConfigurationList section */

/* Begin XCRemoteSwiftPackageReference section */
		D1C55A292C7E2F0800AB75EC /* XCRemoteSwiftPackageReference "PostgresClientKit" */ = {
			isa = XCRemoteSwiftPackageReference;
			repositoryURL = "https://github.com/codewinsdotcom/PostgresClientKit.git";
			requirement = {
				branch = master;
				kind = branch;
			};
		};
/* End XCRemoteSwiftPackageReference section */

/* Begin XCSwiftPackageProductDependency section */
		D1C55A2A2C7E2F0800AB75EC /* PostgresClientKit */ = {
			isa = XCSwiftPackageProductDependency;
			package = D1C55A292C7E2F0800AB75EC /* XCRemoteSwiftPackageReference "PostgresClientKit" */;
			productName = PostgresClientKit;
		};
		D1D890522CD2C7340052710D /* PostgresClientKit */ = {
			isa = XCSwiftPackageProductDependency;
			package = D1C55A292C7E2F0800AB75EC /* XCRemoteSwiftPackageReference "PostgresClientKit" */;
			productName = PostgresClientKit;
		};
		D1DFA1222D0EDB33004E2E96 /* PostgresClientKit */ = {
			isa = XCSwiftPackageProductDependency;
			package = D1C55A292C7E2F0800AB75EC /* XCRemoteSwiftPackageReference "PostgresClientKit" */;
			productName = PostgresClientKit;
		};
/* End XCSwiftPackageProductDependency section */
	};
	rootObject = D1387D612AFFB31600570446 /* Project object */;
}
